
Microsoft Visual Studio Solution File, Format Version 12.00
# Visual Studio Version 16
VisualStudioVersion = 16.0.29709.97
MinimumVisualStudioVersion = 10.0.40219.1
Project("{9A19103F-16F7-4668-BE54-9A1E7A4F7556}") = "Loja.UI", "Loja\Loja.UI\Loja.UI.csproj", "{64E83931-F740-4DA5-BA7A-C7A5DBF0942C}"
EndProject
Project("{2150E333-8FDC-42A3-9474-1A3956D46DE8}") = "Loja", "Loja", "{44A4AF60-3B98-4ED2-BFAA-83BE6E664367}"
EndProject
Project("{2150E333-8FDC-42A3-9474-1A3956D46DE8}") = "PrepedidoApi", "PrepedidoApi", "{605473C6-9D39-495A-9C1F-807E15133FDE}"
EndProject
Project("{9A19103F-16F7-4668-BE54-9A1E7A4F7556}") = "Loja.Bll", "Loja\Loja.Bll\Loja.Bll.csproj", "{E542B341-3FA9-4C9B-ABCA-AD8C41F40B4E}"
EndProject
Project("{9A19103F-16F7-4668-BE54-9A1E7A4F7556}") = "Loja.Data", "Loja\Loja.Data\Loja.Data.csproj", "{0E18B837-44FB-4144-87E0-4AB3297CD333}"
EndProject
Project("{9A19103F-16F7-4668-BE54-9A1E7A4F7556}") = "Loja.Modelo", "Loja\Loja.Modelo\Loja.Modelo.csproj", "{EDF5C92F-4B47-4C4F-B413-603041EC7769}"
EndProject
Project("{9A19103F-16F7-4668-BE54-9A1E7A4F7556}") = "Testes.Automatizados", "PrepedidoApi\Testes.Automatizados\Testes.Automatizados.csproj", "{B447C56C-5892-4996-A59D-763DE23BC6D4}"
EndProject
Project("{9A19103F-16F7-4668-BE54-9A1E7A4F7556}") = "PrepedidoUnisBusiness", "PrepedidoApi\PrepedidoUnisBusiness\PrepedidoUnisBusiness.csproj", "{092E6AD2-225B-4421-AC9B-5DFD7C127118}"
EndProject
Project("{9A19103F-16F7-4668-BE54-9A1E7A4F7556}") = "PrepedidoBusiness", "PrepedidoApi\PrepedidoBusiness\PrepedidoBusiness.csproj", "{132EB79A-CA9E-4CF9-93E5-0383012F9BE5}"
EndProject
Project("{9A19103F-16F7-4668-BE54-9A1E7A4F7556}") = "ASPs", "PrepedidoApi\ASPs\ASPs.csproj", "{E2DA0AD8-FD3B-4E38-80A5-EB6915E3CF42}"
EndProject
Project("{9A19103F-16F7-4668-BE54-9A1E7A4F7556}") = "InfraBanco", "PrepedidoApi\InfraBanco\InfraBanco.csproj", "{345C58EF-3D78-4D8C-B99F-06F5CFEB0F0F}"
EndProject
Project("{9A19103F-16F7-4668-BE54-9A1E7A4F7556}") = "InfraIdentity", "PrepedidoApi\InfraIdentity\InfraIdentity.csproj", "{8A16538F-A2F3-40B4-BEF5-B0346B4254DF}"
EndProject
Project("{9A19103F-16F7-4668-BE54-9A1E7A4F7556}") = "PrepedidoApi", "PrepedidoApi\PrepedidoApi\PrepedidoApi.csproj", "{2589006C-BFB7-44BC-8664-ED0B63E2D18C}"
EndProject
Project("{9A19103F-16F7-4668-BE54-9A1E7A4F7556}") = "PrepedidoAPIUnis", "PrepedidoApi\PrepedidoAPIUnis\PrepedidoAPIUnis.csproj", "{FB207C24-C764-4A97-A548-5EE0CE8C1D74}"
EndProject
Project("{9A19103F-16F7-4668-BE54-9A1E7A4F7556}") = "Testes.Labs", "PrepedidoApi\Testes.Labs\Testes.Labs.csproj", "{5DE945AF-921B-43EC-B5FF-467F72DFCD77}"
EndProject
Project("{9A19103F-16F7-4668-BE54-9A1E7A4F7556}") = "ASPs", "Loja\ASPs\ASPs.csproj", "{CE3536B5-D0D1-4992-8822-05628902B7ED}"
EndProject
Project("{2150E333-8FDC-42A3-9474-1A3956D46DE8}") = "Bats", "Bats", "{DE89B737-FCFF-4E00-88C6-785451E5D18F}"
	ProjectSection(SolutionItems) = preProject
		PrepedidoApi\AtualizarSonar.bat = PrepedidoApi\AtualizarSonar.bat
		PrepedidoApi\CompilarPrepedidoApi.bat = PrepedidoApi\CompilarPrepedidoApi.bat
		PrepedidoApi\CompilarPrepedidoApiUnis.bat = PrepedidoApi\CompilarPrepedidoApiUnis.bat
		PrepedidoApi\Testes.Automatizados\ExecutarOpenCoverParaTela.bat = PrepedidoApi\Testes.Automatizados\ExecutarOpenCoverParaTela.bat
	EndProjectSection
EndProject
Project("{2150E333-8FDC-42A3-9474-1A3956D46DE8}") = "Infra", "Infra", "{7267E515-4E22-42C8-A2F8-88A600B24F7A}"
EndProject
Project("{2150E333-8FDC-42A3-9474-1A3956D46DE8}") = "Testes", "Testes", "{C9836D5D-BEB4-4B81-83CF-D5DC8FA68164}"
EndProject
Project("{2150E333-8FDC-42A3-9474-1A3956D46DE8}") = "Global", "Global", "{72A8B380-D737-4BAD-AF5A-9BD4015ACE7F}"
EndProject
Project("{9A19103F-16F7-4668-BE54-9A1E7A4F7556}") = "Especificacao", "Global\Especificacao\Especificacao.csproj", "{D30D71EA-5D17-4CF0-BE73-02BD1C1ACD9D}"
EndProject
Project("{FAE04EC0-301F-11D3-BF4B-00C04F79EFBC}") = "Pedido", "Global\Pedido\Pedido.csproj", "{77A6D933-415D-42CD-9C5D-6C5C08300491}"
EndProject
Global
	GlobalSection(SolutionConfigurationPlatforms) = preSolution
		Debug|Any CPU = Debug|Any CPU
		Release|Any CPU = Release|Any CPU
	EndGlobalSection
	GlobalSection(ProjectConfigurationPlatforms) = postSolution
		{64E83931-F740-4DA5-BA7A-C7A5DBF0942C}.Debug|Any CPU.ActiveCfg = Debug|Any CPU
		{64E83931-F740-4DA5-BA7A-C7A5DBF0942C}.Debug|Any CPU.Build.0 = Debug|Any CPU
		{64E83931-F740-4DA5-BA7A-C7A5DBF0942C}.Release|Any CPU.ActiveCfg = Release|Any CPU
		{64E83931-F740-4DA5-BA7A-C7A5DBF0942C}.Release|Any CPU.Build.0 = Release|Any CPU
		{E542B341-3FA9-4C9B-ABCA-AD8C41F40B4E}.Debug|Any CPU.ActiveCfg = Debug|Any CPU
		{E542B341-3FA9-4C9B-ABCA-AD8C41F40B4E}.Debug|Any CPU.Build.0 = Debug|Any CPU
		{E542B341-3FA9-4C9B-ABCA-AD8C41F40B4E}.Release|Any CPU.ActiveCfg = Release|Any CPU
		{E542B341-3FA9-4C9B-ABCA-AD8C41F40B4E}.Release|Any CPU.Build.0 = Release|Any CPU
		{0E18B837-44FB-4144-87E0-4AB3297CD333}.Debug|Any CPU.ActiveCfg = Debug|Any CPU
		{0E18B837-44FB-4144-87E0-4AB3297CD333}.Debug|Any CPU.Build.0 = Debug|Any CPU
		{0E18B837-44FB-4144-87E0-4AB3297CD333}.Release|Any CPU.ActiveCfg = Release|Any CPU
		{0E18B837-44FB-4144-87E0-4AB3297CD333}.Release|Any CPU.Build.0 = Release|Any CPU
		{EDF5C92F-4B47-4C4F-B413-603041EC7769}.Debug|Any CPU.ActiveCfg = Debug|Any CPU
		{EDF5C92F-4B47-4C4F-B413-603041EC7769}.Debug|Any CPU.Build.0 = Debug|Any CPU
		{EDF5C92F-4B47-4C4F-B413-603041EC7769}.Release|Any CPU.ActiveCfg = Release|Any CPU
		{EDF5C92F-4B47-4C4F-B413-603041EC7769}.Release|Any CPU.Build.0 = Release|Any CPU
		{B447C56C-5892-4996-A59D-763DE23BC6D4}.Debug|Any CPU.ActiveCfg = Debug|Any CPU
		{B447C56C-5892-4996-A59D-763DE23BC6D4}.Debug|Any CPU.Build.0 = Debug|Any CPU
		{B447C56C-5892-4996-A59D-763DE23BC6D4}.Release|Any CPU.ActiveCfg = Release|Any CPU
		{B447C56C-5892-4996-A59D-763DE23BC6D4}.Release|Any CPU.Build.0 = Release|Any CPU
		{092E6AD2-225B-4421-AC9B-5DFD7C127118}.Debug|Any CPU.ActiveCfg = Debug|Any CPU
		{092E6AD2-225B-4421-AC9B-5DFD7C127118}.Debug|Any CPU.Build.0 = Debug|Any CPU
		{092E6AD2-225B-4421-AC9B-5DFD7C127118}.Release|Any CPU.ActiveCfg = Release|Any CPU
		{092E6AD2-225B-4421-AC9B-5DFD7C127118}.Release|Any CPU.Build.0 = Release|Any CPU
		{132EB79A-CA9E-4CF9-93E5-0383012F9BE5}.Debug|Any CPU.ActiveCfg = Debug|Any CPU
		{132EB79A-CA9E-4CF9-93E5-0383012F9BE5}.Debug|Any CPU.Build.0 = Debug|Any CPU
		{132EB79A-CA9E-4CF9-93E5-0383012F9BE5}.Release|Any CPU.ActiveCfg = Release|Any CPU
		{132EB79A-CA9E-4CF9-93E5-0383012F9BE5}.Release|Any CPU.Build.0 = Release|Any CPU
		{E2DA0AD8-FD3B-4E38-80A5-EB6915E3CF42}.Debug|Any CPU.ActiveCfg = Debug|Any CPU
		{E2DA0AD8-FD3B-4E38-80A5-EB6915E3CF42}.Release|Any CPU.ActiveCfg = Release|Any CPU
		{E2DA0AD8-FD3B-4E38-80A5-EB6915E3CF42}.Release|Any CPU.Build.0 = Release|Any CPU
		{345C58EF-3D78-4D8C-B99F-06F5CFEB0F0F}.Debug|Any CPU.ActiveCfg = Debug|Any CPU
		{345C58EF-3D78-4D8C-B99F-06F5CFEB0F0F}.Debug|Any CPU.Build.0 = Debug|Any CPU
		{345C58EF-3D78-4D8C-B99F-06F5CFEB0F0F}.Release|Any CPU.ActiveCfg = Release|Any CPU
		{345C58EF-3D78-4D8C-B99F-06F5CFEB0F0F}.Release|Any CPU.Build.0 = Release|Any CPU
		{8A16538F-A2F3-40B4-BEF5-B0346B4254DF}.Debug|Any CPU.ActiveCfg = Debug|Any CPU
		{8A16538F-A2F3-40B4-BEF5-B0346B4254DF}.Debug|Any CPU.Build.0 = Debug|Any CPU
		{8A16538F-A2F3-40B4-BEF5-B0346B4254DF}.Release|Any CPU.ActiveCfg = Release|Any CPU
		{8A16538F-A2F3-40B4-BEF5-B0346B4254DF}.Release|Any CPU.Build.0 = Release|Any CPU
		{2589006C-BFB7-44BC-8664-ED0B63E2D18C}.Debug|Any CPU.ActiveCfg = Debug|Any CPU
		{2589006C-BFB7-44BC-8664-ED0B63E2D18C}.Debug|Any CPU.Build.0 = Debug|Any CPU
		{2589006C-BFB7-44BC-8664-ED0B63E2D18C}.Release|Any CPU.ActiveCfg = Release|Any CPU
		{2589006C-BFB7-44BC-8664-ED0B63E2D18C}.Release|Any CPU.Build.0 = Release|Any CPU
		{FB207C24-C764-4A97-A548-5EE0CE8C1D74}.Debug|Any CPU.ActiveCfg = Debug|Any CPU
		{FB207C24-C764-4A97-A548-5EE0CE8C1D74}.Debug|Any CPU.Build.0 = Debug|Any CPU
		{FB207C24-C764-4A97-A548-5EE0CE8C1D74}.Release|Any CPU.ActiveCfg = Release|Any CPU
		{FB207C24-C764-4A97-A548-5EE0CE8C1D74}.Release|Any CPU.Build.0 = Release|Any CPU
		{5DE945AF-921B-43EC-B5FF-467F72DFCD77}.Debug|Any CPU.ActiveCfg = Debug|Any CPU
		{5DE945AF-921B-43EC-B5FF-467F72DFCD77}.Debug|Any CPU.Build.0 = Debug|Any CPU
		{5DE945AF-921B-43EC-B5FF-467F72DFCD77}.Release|Any CPU.ActiveCfg = Release|Any CPU
		{5DE945AF-921B-43EC-B5FF-467F72DFCD77}.Release|Any CPU.Build.0 = Release|Any CPU
		{CE3536B5-D0D1-4992-8822-05628902B7ED}.Debug|Any CPU.ActiveCfg = Debug|Any CPU
		{CE3536B5-D0D1-4992-8822-05628902B7ED}.Release|Any CPU.ActiveCfg = Release|Any CPU
		{CE3536B5-D0D1-4992-8822-05628902B7ED}.Release|Any CPU.Build.0 = Release|Any CPU
		{D30D71EA-5D17-4CF0-BE73-02BD1C1ACD9D}.Debug|Any CPU.ActiveCfg = Debug|Any CPU
		{D30D71EA-5D17-4CF0-BE73-02BD1C1ACD9D}.Debug|Any CPU.Build.0 = Debug|Any CPU
		{D30D71EA-5D17-4CF0-BE73-02BD1C1ACD9D}.Release|Any CPU.ActiveCfg = Release|Any CPU
		{D30D71EA-5D17-4CF0-BE73-02BD1C1ACD9D}.Release|Any CPU.Build.0 = Release|Any CPU
		{77A6D933-415D-42CD-9C5D-6C5C08300491}.Debug|Any CPU.ActiveCfg = Debug|Any CPU
		{77A6D933-415D-42CD-9C5D-6C5C08300491}.Debug|Any CPU.Build.0 = Debug|Any CPU
		{77A6D933-415D-42CD-9C5D-6C5C08300491}.Release|Any CPU.ActiveCfg = Release|Any CPU
		{77A6D933-415D-42CD-9C5D-6C5C08300491}.Release|Any CPU.Build.0 = Release|Any CPU
	EndGlobalSection
	GlobalSection(SolutionProperties) = preSolution
		HideSolutionNode = FALSE
	EndGlobalSection
	GlobalSection(NestedProjects) = preSolution
		{64E83931-F740-4DA5-BA7A-C7A5DBF0942C} = {44A4AF60-3B98-4ED2-BFAA-83BE6E664367}
		{E542B341-3FA9-4C9B-ABCA-AD8C41F40B4E} = {44A4AF60-3B98-4ED2-BFAA-83BE6E664367}
		{0E18B837-44FB-4144-87E0-4AB3297CD333} = {44A4AF60-3B98-4ED2-BFAA-83BE6E664367}
		{EDF5C92F-4B47-4C4F-B413-603041EC7769} = {44A4AF60-3B98-4ED2-BFAA-83BE6E664367}
		{B447C56C-5892-4996-A59D-763DE23BC6D4} = {C9836D5D-BEB4-4B81-83CF-D5DC8FA68164}
		{092E6AD2-225B-4421-AC9B-5DFD7C127118} = {605473C6-9D39-495A-9C1F-807E15133FDE}
		{132EB79A-CA9E-4CF9-93E5-0383012F9BE5} = {605473C6-9D39-495A-9C1F-807E15133FDE}
		{E2DA0AD8-FD3B-4E38-80A5-EB6915E3CF42} = {605473C6-9D39-495A-9C1F-807E15133FDE}
		{345C58EF-3D78-4D8C-B99F-06F5CFEB0F0F} = {7267E515-4E22-42C8-A2F8-88A600B24F7A}
		{8A16538F-A2F3-40B4-BEF5-B0346B4254DF} = {7267E515-4E22-42C8-A2F8-88A600B24F7A}
		{2589006C-BFB7-44BC-8664-ED0B63E2D18C} = {605473C6-9D39-495A-9C1F-807E15133FDE}
		{FB207C24-C764-4A97-A548-5EE0CE8C1D74} = {605473C6-9D39-495A-9C1F-807E15133FDE}
		{5DE945AF-921B-43EC-B5FF-467F72DFCD77} = {C9836D5D-BEB4-4B81-83CF-D5DC8FA68164}
		{CE3536B5-D0D1-4992-8822-05628902B7ED} = {44A4AF60-3B98-4ED2-BFAA-83BE6E664367}
		{7267E515-4E22-42C8-A2F8-88A600B24F7A} = {605473C6-9D39-495A-9C1F-807E15133FDE}
		{C9836D5D-BEB4-4B81-83CF-D5DC8FA68164} = {605473C6-9D39-495A-9C1F-807E15133FDE}
		{D30D71EA-5D17-4CF0-BE73-02BD1C1ACD9D} = {72A8B380-D737-4BAD-AF5A-9BD4015ACE7F}
		{77A6D933-415D-42CD-9C5D-6C5C08300491} = {72A8B380-D737-4BAD-AF5A-9BD4015ACE7F}
	EndGlobalSection
	GlobalSection(ExtensibilityGlobals) = postSolution
		SolutionGuid = {139E9C0D-48C6-4635-9645-BF9C5AA65398}
	EndGlobalSection
EndGlobal
