
Microsoft Visual Studio Solution File, Format Version 12.00
# Visual Studio Version 16
VisualStudioVersion = 16.0.29709.97
MinimumVisualStudioVersion = 10.0.40219.1
Project("{9A19103F-16F7-4668-BE54-9A1E7A4F7556}") = "Loja.UI", "Loja\Loja.UI\Loja.UI.csproj", "{64E83931-F740-4DA5-BA7A-C7A5DBF0942C}"
EndProject
Project("{2150E333-8FDC-42A3-9474-1A3956D46DE8}") = "Loja", "Loja", "{44A4AF60-3B98-4ED2-BFAA-83BE6E664367}"
EndProject
Project("{2150E333-8FDC-42A3-9474-1A3956D46DE8}") = "PrepedidoApi", "PrepedidoApi", "{605473C6-9D39-495A-9C1F-807E15133FDE}"
EndProject
Project("{9A19103F-16F7-4668-BE54-9A1E7A4F7556}") = "Loja.Bll", "Loja\Loja.Bll\Loja.Bll.csproj", "{E542B341-3FA9-4C9B-ABCA-AD8C41F40B4E}"
EndProject
Project("{9A19103F-16F7-4668-BE54-9A1E7A4F7556}") = "Loja.Data", "Loja\Loja.Data\Loja.Data.csproj", "{0E18B837-44FB-4144-87E0-4AB3297CD333}"
EndProject
Project("{9A19103F-16F7-4668-BE54-9A1E7A4F7556}") = "Loja.Modelo", "Loja\Loja.Modelo\Loja.Modelo.csproj", "{EDF5C92F-4B47-4C4F-B413-603041EC7769}"
EndProject
Project("{9A19103F-16F7-4668-BE54-9A1E7A4F7556}") = "PrepedidoBusiness", "PrepedidoApi\PrepedidoBusiness\PrepedidoBusiness.csproj", "{132EB79A-CA9E-4CF9-93E5-0383012F9BE5}"
EndProject
Project("{9A19103F-16F7-4668-BE54-9A1E7A4F7556}") = "PrepedidoApi", "PrepedidoApi\PrepedidoApi\PrepedidoApi.csproj", "{2589006C-BFB7-44BC-8664-ED0B63E2D18C}"
EndProject
Project("{9A19103F-16F7-4668-BE54-9A1E7A4F7556}") = "Testes.Labs", "PrepedidoApi\Testes.Labs\Testes.Labs.csproj", "{5DE945AF-921B-43EC-B5FF-467F72DFCD77}"
EndProject
Project("{2150E333-8FDC-42A3-9474-1A3956D46DE8}") = "Etc", "Etc", "{DE89B737-FCFF-4E00-88C6-785451E5D18F}"
	ProjectSection(SolutionItems) = preProject
		.gitlab-ci.yml = .gitlab-ci.yml
		AlteracoesAppsettings.txt = AlteracoesAppsettings.txt
		PrepedidoApi\AtualizarSonar.bat = PrepedidoApi\AtualizarSonar.bat
		documentacao\configuracao_log.txt = documentacao\configuracao_log.txt
		Global\Infra\InfraBanco\configuracoes_solucao.txt = Global\Infra\InfraBanco\configuracoes_solucao.txt
		documentacao\diretorios.txt = documentacao\diretorios.txt
		Global\Especificacao\ExecutarOpenCoverParaTela.bat = Global\Especificacao\ExecutarOpenCoverParaTela.bat
		documentacao\limpar cache dos testes.bat = documentacao\limpar cache dos testes.bat
	EndProjectSection
EndProject
Project("{2150E333-8FDC-42A3-9474-1A3956D46DE8}") = "Infra", "Infra", "{7267E515-4E22-42C8-A2F8-88A600B24F7A}"
EndProject
Project("{2150E333-8FDC-42A3-9474-1A3956D46DE8}") = "Testes", "Testes", "{C9836D5D-BEB4-4B81-83CF-D5DC8FA68164}"
EndProject
Project("{2150E333-8FDC-42A3-9474-1A3956D46DE8}") = "Global", "Global", "{72A8B380-D737-4BAD-AF5A-9BD4015ACE7F}"
EndProject
Project("{9A19103F-16F7-4668-BE54-9A1E7A4F7556}") = "Especificacao", "Global\Especificacao\Especificacao.csproj", "{D30D71EA-5D17-4CF0-BE73-02BD1C1ACD9D}"
EndProject
Project("{9A19103F-16F7-4668-BE54-9A1E7A4F7556}") = "Pedido", "Global\Pedido\Pedido.csproj", "{77A6D933-415D-42CD-9C5D-6C5C08300491}"
EndProject
Project("{9A19103F-16F7-4668-BE54-9A1E7A4F7556}") = "ASPs", "Global\ASPs\ASPs.csproj", "{AF5FEC61-87B2-4AFA-8F37-31A76DEC9367}"
EndProject
Project("{9A19103F-16F7-4668-BE54-9A1E7A4F7556}") = "Cliente", "Global\Cliente\Cliente.csproj", "{6F56B117-FCC4-471A-83A9-906533F58B03}"
EndProject
Project("{2150E333-8FDC-42A3-9474-1A3956D46DE8}") = "ApiUnis", "ApiUnis", "{BD35059E-9901-40B0-9EA0-597B897B9C4E}"
EndProject
Project("{9A19103F-16F7-4668-BE54-9A1E7A4F7556}") = "PrepedidoAPIUnis", "ApiUnis\PrepedidoAPIUnis\PrepedidoAPIUnis.csproj", "{E749CDE1-C90A-4519-9FF1-B13F4BB2E69D}"
EndProject
Project("{9A19103F-16F7-4668-BE54-9A1E7A4F7556}") = "PrepedidoUnisBusiness", "ApiUnis\PrepedidoUnisBusiness\PrepedidoUnisBusiness.csproj", "{F27A07A6-0DD8-4F68-AAEE-A8684E1551A1}"
EndProject
Project("{9A19103F-16F7-4668-BE54-9A1E7A4F7556}") = "Testes.Automatizados", "ApiUnis\Testes.Automatizados\Testes.Automatizados.csproj", "{D7F8928A-1F74-40BD-BC01-67AA3D28F95A}"
EndProject
Project("{9A19103F-16F7-4668-BE54-9A1E7A4F7556}") = "InfraBanco", "Global\Infra\InfraBanco\InfraBanco.csproj", "{BFAE2686-21FE-49E8-A620-5412CB81989C}"
EndProject
Project("{9A19103F-16F7-4668-BE54-9A1E7A4F7556}") = "InfraIdentity", "Global\Infra\InfraIdentity\InfraIdentity.csproj", "{3C9317AA-5C83-46D6-9F5E-9C1233A190F9}"
EndProject
Project("{2150E333-8FDC-42A3-9474-1A3956D46DE8}") = "ApiMagento", "ApiMagento", "{3BF738D4-C951-4E7D-9690-F126D75D6AFE}"
EndProject
Project("{9A19103F-16F7-4668-BE54-9A1E7A4F7556}") = "ApiMagento", "ApiMagento\ApiMagento\ApiMagento\ApiMagento.csproj", "{C2D0D279-4333-420C-916D-8CFFAF296422}"
EndProject
Project("{9A19103F-16F7-4668-BE54-9A1E7A4F7556}") = "MagentoBusiness", "ApiMagento\ApiMagento\MagentoBusiness\MagentoBusiness.csproj", "{7CF1221F-6228-441C-9F72-622C81EC80A5}"
EndProject
Project("{9A19103F-16F7-4668-BE54-9A1E7A4F7556}") = "UtilsGlobais", "Global\Utils\UtilsGlobais.csproj", "{7F731331-9F65-440E-A20B-8469A037ED24}"
EndProject
Project("{9A19103F-16F7-4668-BE54-9A1E7A4F7556}") = "Produto", "Global\Produto\Produto.csproj", "{D5242FC6-0C2F-4904-8F38-10D4B482FC2F}"
EndProject
Project("{9A19103F-16F7-4668-BE54-9A1E7A4F7556}") = "Prepedido", "Global\Prepedido\Prepedido.csproj", "{56DC54B5-692A-4AD5-BDFC-3BBF08C04B24}"
EndProject
Project("{9A19103F-16F7-4668-BE54-9A1E7A4F7556}") = "Cep", "Global\Cep\Cep.csproj", "{6F5A4E2A-4856-45DC-9B43-DE9E328D2B49}"
EndProject
Project("{9A19103F-16F7-4668-BE54-9A1E7A4F7556}") = "Avisos", "Global\Avisos\Avisos.csproj", "{5371E89C-155A-4AC3-B207-3374AF821C87}"
EndProject
Project("{2150E333-8FDC-42A3-9474-1A3956D46DE8}") = "Testes", "Testes", "{341C641E-CA88-4C1F-A734-191C0F96ECD2}"
EndProject
Project("{2150E333-8FDC-42A3-9474-1A3956D46DE8}") = "TestesApiMagento", "TestesApiMagento", "{E68EEF5D-3E34-4406-A93F-08207D48543C}"
EndProject
Project("{9A19103F-16F7-4668-BE54-9A1E7A4F7556}") = "TestesApiMagentoCadastrarPedido", "Global\Testes\TestesApiMagento\TestesApiMagentoCadastrarPedido\TestesApiMagentoCadastrarPedido.csproj", "{BB0DC84F-A04D-4FCE-B9A4-6BD6E5D5EA18}"
EndProject
Project("{2150E333-8FDC-42A3-9474-1A3956D46DE8}") = "TestesPrepedidoApi", "TestesPrepedidoApi", "{901A4EE8-FC5F-4493-BB38-03CB19BA80EA}"
EndProject
Project("{9A19103F-16F7-4668-BE54-9A1E7A4F7556}") = "TestesPrepedidoApiCadastrarPrepedido", "Global\Testes\TestePrepedidoApi\TestesPrepedidoApiCadastrarPrepedido\TestesPrepedidoApiCadastrarPrepedido.csproj", "{37B3DB8C-F832-48C0-8811-5DF8C1E51FCD}"
EndProject
Project("{2150E333-8FDC-42A3-9474-1A3956D46DE8}") = "OrcamentoCotacaoAPI", "OrcamentoCotacaoAPI", "{72256D98-BF3E-40D7-9E33-2523305D3F03}"
EndProject
Project("{9A19103F-16F7-4668-BE54-9A1E7A4F7556}") = "OrcamentoCotacaoApi", "OrcamentoCotacaoApi\OrcamentoCotacaoApi\OrcamentoCotacaoApi.csproj", "{2870E605-B21D-4144-8DCE-CA5A9575AB2E}"
EndProject
Project("{9A19103F-16F7-4668-BE54-9A1E7A4F7556}") = "OrcamentoCotacaoBusiness", "OrcamentoCotacaoApi\OrcamentoCotacaoBusiness\OrcamentoCotacaoBusiness.csproj", "{A0829D6D-4DBD-4751-A7AD-946D1F023180}"
EndProject
Project("{9A19103F-16F7-4668-BE54-9A1E7A4F7556}") = "ClassesBase", "ClassesBase\ClassesBase.csproj", "{3FDBC86E-947F-4553-8D43-E05FBAEABADD}"
EndProject
Project("{9A19103F-16F7-4668-BE54-9A1E7A4F7556}") = "FormaPagamento", "Global\FormaPagamento\FormaPagamento.csproj", "{5A9BCFC4-AD1A-4DF0-91FB-4F860537FCA0}"
EndProject
Project("{9A19103F-16F7-4668-BE54-9A1E7A4F7556}") = "OrcamentistaEindicador", "Global\OrcamentistaEindicador\OrcamentistaEindicador.csproj", "{BFCD4A95-2821-40B0-A3F3-75CF00429F9F}"
EndProject
Project("{9A19103F-16F7-4668-BE54-9A1E7A4F7556}") = "Usuario", "Global\Usuario\Usuario.csproj", "{F9F12A08-ED23-4F39-A781-EAA7EACD1E67}"
EndProject
Project("{9A19103F-16F7-4668-BE54-9A1E7A4F7556}") = "Orcamento", "Global\Orcamento\Orcamento.csproj", "{471BBB94-B319-4B32-B111-3E3E90645BDF}"
EndProject
Project("{9A19103F-16F7-4668-BE54-9A1E7A4F7556}") = "Arquivo", "Global\Arquivo\Arquivo.csproj", "{5B82213B-F651-461E-AC70-C569274C9F55}"
EndProject
Project("{9A19103F-16F7-4668-BE54-9A1E7A4F7556}") = "OrcamentistaEIndicadorVendedor", "Global\OrcamentistaEIndicadorVendedor\OrcamentistaEIndicadorVendedor.csproj", "{FE959713-2E98-4B79-8A76-8EF006387487}"
EndProject
Project("{9A19103F-16F7-4668-BE54-9A1E7A4F7556}") = "Loja", "Global\Loja\Loja.csproj", "{2418694E-65C4-4A90-B193-FE06F1E1AC61}"
EndProject
Project("{FAE04EC0-301F-11D3-BF4B-00C04F79EFBC}") = "ProdutoCatalogo", "ProdutoCatalogo\ProdutoCatalogo.csproj", "{B232ED2C-75B4-4B97-9F95-333F38A7B7DA}"
EndProject
Global
	GlobalSection(SolutionConfigurationPlatforms) = preSolution
		Debug|Any CPU = Debug|Any CPU
		Release_ApiMagento|Any CPU = Release_ApiMagento|Any CPU
		Release_ApiUnis|Any CPU = Release_ApiUnis|Any CPU
		Release_Loja|Any CPU = Release_Loja|Any CPU
		Release_PrepedidoApi|Any CPU = Release_PrepedidoApi|Any CPU
		Release|Any CPU = Release|Any CPU
	EndGlobalSection
	GlobalSection(ProjectConfigurationPlatforms) = postSolution
		{64E83931-F740-4DA5-BA7A-C7A5DBF0942C}.Debug|Any CPU.ActiveCfg = Debug|Any CPU
		{64E83931-F740-4DA5-BA7A-C7A5DBF0942C}.Debug|Any CPU.Build.0 = Debug|Any CPU
		{64E83931-F740-4DA5-BA7A-C7A5DBF0942C}.Release_ApiMagento|Any CPU.ActiveCfg = Release|Any CPU
		{64E83931-F740-4DA5-BA7A-C7A5DBF0942C}.Release_ApiUnis|Any CPU.ActiveCfg = Release|Any CPU
		{64E83931-F740-4DA5-BA7A-C7A5DBF0942C}.Release_Loja|Any CPU.ActiveCfg = Release|Any CPU
		{64E83931-F740-4DA5-BA7A-C7A5DBF0942C}.Release_Loja|Any CPU.Build.0 = Release|Any CPU
		{64E83931-F740-4DA5-BA7A-C7A5DBF0942C}.Release_PrepedidoApi|Any CPU.ActiveCfg = Release|Any CPU
		{64E83931-F740-4DA5-BA7A-C7A5DBF0942C}.Release|Any CPU.ActiveCfg = Release|Any CPU
		{64E83931-F740-4DA5-BA7A-C7A5DBF0942C}.Release|Any CPU.Build.0 = Release|Any CPU
		{E542B341-3FA9-4C9B-ABCA-AD8C41F40B4E}.Debug|Any CPU.ActiveCfg = Debug|Any CPU
		{E542B341-3FA9-4C9B-ABCA-AD8C41F40B4E}.Debug|Any CPU.Build.0 = Debug|Any CPU
		{E542B341-3FA9-4C9B-ABCA-AD8C41F40B4E}.Release_ApiMagento|Any CPU.ActiveCfg = Release|Any CPU
		{E542B341-3FA9-4C9B-ABCA-AD8C41F40B4E}.Release_ApiUnis|Any CPU.ActiveCfg = Release|Any CPU
		{E542B341-3FA9-4C9B-ABCA-AD8C41F40B4E}.Release_Loja|Any CPU.ActiveCfg = Release|Any CPU
		{E542B341-3FA9-4C9B-ABCA-AD8C41F40B4E}.Release_Loja|Any CPU.Build.0 = Release|Any CPU
		{E542B341-3FA9-4C9B-ABCA-AD8C41F40B4E}.Release_PrepedidoApi|Any CPU.ActiveCfg = Release|Any CPU
		{E542B341-3FA9-4C9B-ABCA-AD8C41F40B4E}.Release|Any CPU.ActiveCfg = Release|Any CPU
		{E542B341-3FA9-4C9B-ABCA-AD8C41F40B4E}.Release|Any CPU.Build.0 = Release|Any CPU
		{0E18B837-44FB-4144-87E0-4AB3297CD333}.Debug|Any CPU.ActiveCfg = Debug|Any CPU
		{0E18B837-44FB-4144-87E0-4AB3297CD333}.Debug|Any CPU.Build.0 = Debug|Any CPU
		{0E18B837-44FB-4144-87E0-4AB3297CD333}.Release_ApiMagento|Any CPU.ActiveCfg = Release|Any CPU
		{0E18B837-44FB-4144-87E0-4AB3297CD333}.Release_ApiUnis|Any CPU.ActiveCfg = Release|Any CPU
		{0E18B837-44FB-4144-87E0-4AB3297CD333}.Release_Loja|Any CPU.ActiveCfg = Release|Any CPU
		{0E18B837-44FB-4144-87E0-4AB3297CD333}.Release_Loja|Any CPU.Build.0 = Release|Any CPU
		{0E18B837-44FB-4144-87E0-4AB3297CD333}.Release_PrepedidoApi|Any CPU.ActiveCfg = Release|Any CPU
		{0E18B837-44FB-4144-87E0-4AB3297CD333}.Release|Any CPU.ActiveCfg = Release|Any CPU
		{0E18B837-44FB-4144-87E0-4AB3297CD333}.Release|Any CPU.Build.0 = Release|Any CPU
		{EDF5C92F-4B47-4C4F-B413-603041EC7769}.Debug|Any CPU.ActiveCfg = Debug|Any CPU
		{EDF5C92F-4B47-4C4F-B413-603041EC7769}.Debug|Any CPU.Build.0 = Debug|Any CPU
		{EDF5C92F-4B47-4C4F-B413-603041EC7769}.Release_ApiMagento|Any CPU.ActiveCfg = Release|Any CPU
		{EDF5C92F-4B47-4C4F-B413-603041EC7769}.Release_ApiUnis|Any CPU.ActiveCfg = Release|Any CPU
		{EDF5C92F-4B47-4C4F-B413-603041EC7769}.Release_Loja|Any CPU.ActiveCfg = Release|Any CPU
		{EDF5C92F-4B47-4C4F-B413-603041EC7769}.Release_Loja|Any CPU.Build.0 = Release|Any CPU
		{EDF5C92F-4B47-4C4F-B413-603041EC7769}.Release_PrepedidoApi|Any CPU.ActiveCfg = Release|Any CPU
		{EDF5C92F-4B47-4C4F-B413-603041EC7769}.Release|Any CPU.ActiveCfg = Release|Any CPU
		{EDF5C92F-4B47-4C4F-B413-603041EC7769}.Release|Any CPU.Build.0 = Release|Any CPU
		{132EB79A-CA9E-4CF9-93E5-0383012F9BE5}.Debug|Any CPU.ActiveCfg = Debug|Any CPU
		{132EB79A-CA9E-4CF9-93E5-0383012F9BE5}.Debug|Any CPU.Build.0 = Debug|Any CPU
		{132EB79A-CA9E-4CF9-93E5-0383012F9BE5}.Release_ApiMagento|Any CPU.ActiveCfg = Release|Any CPU
		{132EB79A-CA9E-4CF9-93E5-0383012F9BE5}.Release_ApiUnis|Any CPU.ActiveCfg = Release|Any CPU
		{132EB79A-CA9E-4CF9-93E5-0383012F9BE5}.Release_ApiUnis|Any CPU.Build.0 = Release|Any CPU
		{132EB79A-CA9E-4CF9-93E5-0383012F9BE5}.Release_Loja|Any CPU.ActiveCfg = Release|Any CPU
		{132EB79A-CA9E-4CF9-93E5-0383012F9BE5}.Release_PrepedidoApi|Any CPU.ActiveCfg = Release|Any CPU
		{132EB79A-CA9E-4CF9-93E5-0383012F9BE5}.Release_PrepedidoApi|Any CPU.Build.0 = Release|Any CPU
		{132EB79A-CA9E-4CF9-93E5-0383012F9BE5}.Release|Any CPU.ActiveCfg = Release|Any CPU
		{132EB79A-CA9E-4CF9-93E5-0383012F9BE5}.Release|Any CPU.Build.0 = Release|Any CPU
		{2589006C-BFB7-44BC-8664-ED0B63E2D18C}.Debug|Any CPU.ActiveCfg = Debug|Any CPU
		{2589006C-BFB7-44BC-8664-ED0B63E2D18C}.Debug|Any CPU.Build.0 = Debug|Any CPU
		{2589006C-BFB7-44BC-8664-ED0B63E2D18C}.Release_ApiMagento|Any CPU.ActiveCfg = Release|Any CPU
		{2589006C-BFB7-44BC-8664-ED0B63E2D18C}.Release_ApiUnis|Any CPU.ActiveCfg = Release|Any CPU
		{2589006C-BFB7-44BC-8664-ED0B63E2D18C}.Release_Loja|Any CPU.ActiveCfg = Release|Any CPU
		{2589006C-BFB7-44BC-8664-ED0B63E2D18C}.Release_PrepedidoApi|Any CPU.ActiveCfg = Release|Any CPU
		{2589006C-BFB7-44BC-8664-ED0B63E2D18C}.Release_PrepedidoApi|Any CPU.Build.0 = Release|Any CPU
		{2589006C-BFB7-44BC-8664-ED0B63E2D18C}.Release|Any CPU.ActiveCfg = Release|Any CPU
		{2589006C-BFB7-44BC-8664-ED0B63E2D18C}.Release|Any CPU.Build.0 = Release|Any CPU
		{5DE945AF-921B-43EC-B5FF-467F72DFCD77}.Debug|Any CPU.ActiveCfg = Debug|Any CPU
		{5DE945AF-921B-43EC-B5FF-467F72DFCD77}.Debug|Any CPU.Build.0 = Debug|Any CPU
		{5DE945AF-921B-43EC-B5FF-467F72DFCD77}.Release_ApiMagento|Any CPU.ActiveCfg = Debug|Any CPU
		{5DE945AF-921B-43EC-B5FF-467F72DFCD77}.Release_ApiUnis|Any CPU.ActiveCfg = Debug|Any CPU
		{5DE945AF-921B-43EC-B5FF-467F72DFCD77}.Release_Loja|Any CPU.ActiveCfg = Debug|Any CPU
		{5DE945AF-921B-43EC-B5FF-467F72DFCD77}.Release_PrepedidoApi|Any CPU.ActiveCfg = Debug|Any CPU
		{5DE945AF-921B-43EC-B5FF-467F72DFCD77}.Release|Any CPU.ActiveCfg = Debug|Any CPU
		{5DE945AF-921B-43EC-B5FF-467F72DFCD77}.Release|Any CPU.Build.0 = Debug|Any CPU
		{D30D71EA-5D17-4CF0-BE73-02BD1C1ACD9D}.Debug|Any CPU.ActiveCfg = Debug|Any CPU
		{D30D71EA-5D17-4CF0-BE73-02BD1C1ACD9D}.Debug|Any CPU.Build.0 = Debug|Any CPU
		{D30D71EA-5D17-4CF0-BE73-02BD1C1ACD9D}.Release_ApiMagento|Any CPU.ActiveCfg = Debug|Any CPU
		{D30D71EA-5D17-4CF0-BE73-02BD1C1ACD9D}.Release_ApiUnis|Any CPU.ActiveCfg = Debug|Any CPU
		{D30D71EA-5D17-4CF0-BE73-02BD1C1ACD9D}.Release_Loja|Any CPU.ActiveCfg = Debug|Any CPU
		{D30D71EA-5D17-4CF0-BE73-02BD1C1ACD9D}.Release_PrepedidoApi|Any CPU.ActiveCfg = Debug|Any CPU
		{D30D71EA-5D17-4CF0-BE73-02BD1C1ACD9D}.Release|Any CPU.ActiveCfg = Debug|Any CPU
		{D30D71EA-5D17-4CF0-BE73-02BD1C1ACD9D}.Release|Any CPU.Build.0 = Debug|Any CPU
		{77A6D933-415D-42CD-9C5D-6C5C08300491}.Debug|Any CPU.ActiveCfg = Debug|Any CPU
		{77A6D933-415D-42CD-9C5D-6C5C08300491}.Debug|Any CPU.Build.0 = Debug|Any CPU
		{77A6D933-415D-42CD-9C5D-6C5C08300491}.Release_ApiMagento|Any CPU.ActiveCfg = Release|Any CPU
		{77A6D933-415D-42CD-9C5D-6C5C08300491}.Release_ApiMagento|Any CPU.Build.0 = Release|Any CPU
		{77A6D933-415D-42CD-9C5D-6C5C08300491}.Release_ApiUnis|Any CPU.ActiveCfg = Release|Any CPU
		{77A6D933-415D-42CD-9C5D-6C5C08300491}.Release_Loja|Any CPU.ActiveCfg = Release|Any CPU
		{77A6D933-415D-42CD-9C5D-6C5C08300491}.Release_Loja|Any CPU.Build.0 = Release|Any CPU
		{77A6D933-415D-42CD-9C5D-6C5C08300491}.Release_PrepedidoApi|Any CPU.ActiveCfg = Release|Any CPU
		{77A6D933-415D-42CD-9C5D-6C5C08300491}.Release|Any CPU.ActiveCfg = Release|Any CPU
		{77A6D933-415D-42CD-9C5D-6C5C08300491}.Release|Any CPU.Build.0 = Release|Any CPU
		{AF5FEC61-87B2-4AFA-8F37-31A76DEC9367}.Debug|Any CPU.ActiveCfg = Debug|Any CPU
		{AF5FEC61-87B2-4AFA-8F37-31A76DEC9367}.Release_ApiMagento|Any CPU.ActiveCfg = Release|Any CPU
		{AF5FEC61-87B2-4AFA-8F37-31A76DEC9367}.Release_ApiUnis|Any CPU.ActiveCfg = Release|Any CPU
		{AF5FEC61-87B2-4AFA-8F37-31A76DEC9367}.Release_Loja|Any CPU.ActiveCfg = Release|Any CPU
		{AF5FEC61-87B2-4AFA-8F37-31A76DEC9367}.Release_PrepedidoApi|Any CPU.ActiveCfg = Release|Any CPU
		{AF5FEC61-87B2-4AFA-8F37-31A76DEC9367}.Release|Any CPU.ActiveCfg = Release|Any CPU
		{AF5FEC61-87B2-4AFA-8F37-31A76DEC9367}.Release|Any CPU.Build.0 = Release|Any CPU
		{6F56B117-FCC4-471A-83A9-906533F58B03}.Debug|Any CPU.ActiveCfg = Debug|Any CPU
		{6F56B117-FCC4-471A-83A9-906533F58B03}.Debug|Any CPU.Build.0 = Debug|Any CPU
		{6F56B117-FCC4-471A-83A9-906533F58B03}.Release_ApiMagento|Any CPU.ActiveCfg = Release_Banco_Pedido|Any CPU
		{6F56B117-FCC4-471A-83A9-906533F58B03}.Release_ApiMagento|Any CPU.Build.0 = Release_Banco_Pedido|Any CPU
		{6F56B117-FCC4-471A-83A9-906533F58B03}.Release_ApiUnis|Any CPU.ActiveCfg = Release_Banco_Prepedido|Any CPU
		{6F56B117-FCC4-471A-83A9-906533F58B03}.Release_ApiUnis|Any CPU.Build.0 = Release_Banco_Prepedido|Any CPU
		{6F56B117-FCC4-471A-83A9-906533F58B03}.Release_Loja|Any CPU.ActiveCfg = Release_Banco_Loja|Any CPU
		{6F56B117-FCC4-471A-83A9-906533F58B03}.Release_Loja|Any CPU.Build.0 = Release_Banco_Loja|Any CPU
		{6F56B117-FCC4-471A-83A9-906533F58B03}.Release_PrepedidoApi|Any CPU.ActiveCfg = Release_Banco_Prepedido|Any CPU
		{6F56B117-FCC4-471A-83A9-906533F58B03}.Release_PrepedidoApi|Any CPU.Build.0 = Release_Banco_Prepedido|Any CPU
		{6F56B117-FCC4-471A-83A9-906533F58B03}.Release|Any CPU.ActiveCfg = Release_Banco_Loja|Any CPU
		{6F56B117-FCC4-471A-83A9-906533F58B03}.Release|Any CPU.Build.0 = Release_Banco_Loja|Any CPU
		{E749CDE1-C90A-4519-9FF1-B13F4BB2E69D}.Debug|Any CPU.ActiveCfg = Debug|Any CPU
		{E749CDE1-C90A-4519-9FF1-B13F4BB2E69D}.Debug|Any CPU.Build.0 = Debug|Any CPU
		{E749CDE1-C90A-4519-9FF1-B13F4BB2E69D}.Release_ApiMagento|Any CPU.ActiveCfg = Release|Any CPU
		{E749CDE1-C90A-4519-9FF1-B13F4BB2E69D}.Release_ApiUnis|Any CPU.ActiveCfg = Release|Any CPU
		{E749CDE1-C90A-4519-9FF1-B13F4BB2E69D}.Release_ApiUnis|Any CPU.Build.0 = Release|Any CPU
		{E749CDE1-C90A-4519-9FF1-B13F4BB2E69D}.Release_Loja|Any CPU.ActiveCfg = Release|Any CPU
		{E749CDE1-C90A-4519-9FF1-B13F4BB2E69D}.Release_PrepedidoApi|Any CPU.ActiveCfg = Release|Any CPU
		{E749CDE1-C90A-4519-9FF1-B13F4BB2E69D}.Release|Any CPU.ActiveCfg = Release|Any CPU
		{E749CDE1-C90A-4519-9FF1-B13F4BB2E69D}.Release|Any CPU.Build.0 = Release|Any CPU
		{F27A07A6-0DD8-4F68-AAEE-A8684E1551A1}.Debug|Any CPU.ActiveCfg = Debug|Any CPU
		{F27A07A6-0DD8-4F68-AAEE-A8684E1551A1}.Debug|Any CPU.Build.0 = Debug|Any CPU
		{F27A07A6-0DD8-4F68-AAEE-A8684E1551A1}.Release_ApiMagento|Any CPU.ActiveCfg = Release|Any CPU
		{F27A07A6-0DD8-4F68-AAEE-A8684E1551A1}.Release_ApiUnis|Any CPU.ActiveCfg = Release|Any CPU
		{F27A07A6-0DD8-4F68-AAEE-A8684E1551A1}.Release_ApiUnis|Any CPU.Build.0 = Release|Any CPU
		{F27A07A6-0DD8-4F68-AAEE-A8684E1551A1}.Release_Loja|Any CPU.ActiveCfg = Release|Any CPU
		{F27A07A6-0DD8-4F68-AAEE-A8684E1551A1}.Release_PrepedidoApi|Any CPU.ActiveCfg = Release|Any CPU
		{F27A07A6-0DD8-4F68-AAEE-A8684E1551A1}.Release|Any CPU.ActiveCfg = Release|Any CPU
		{F27A07A6-0DD8-4F68-AAEE-A8684E1551A1}.Release|Any CPU.Build.0 = Release|Any CPU
		{D7F8928A-1F74-40BD-BC01-67AA3D28F95A}.Debug|Any CPU.ActiveCfg = Debug|Any CPU
		{D7F8928A-1F74-40BD-BC01-67AA3D28F95A}.Debug|Any CPU.Build.0 = Debug|Any CPU
		{D7F8928A-1F74-40BD-BC01-67AA3D28F95A}.Release_ApiMagento|Any CPU.ActiveCfg = Debug|Any CPU
		{D7F8928A-1F74-40BD-BC01-67AA3D28F95A}.Release_ApiUnis|Any CPU.ActiveCfg = Debug|Any CPU
		{D7F8928A-1F74-40BD-BC01-67AA3D28F95A}.Release_Loja|Any CPU.ActiveCfg = Debug|Any CPU
		{D7F8928A-1F74-40BD-BC01-67AA3D28F95A}.Release_PrepedidoApi|Any CPU.ActiveCfg = Debug|Any CPU
		{D7F8928A-1F74-40BD-BC01-67AA3D28F95A}.Release|Any CPU.ActiveCfg = Debug|Any CPU
		{D7F8928A-1F74-40BD-BC01-67AA3D28F95A}.Release|Any CPU.Build.0 = Debug|Any CPU
		{BFAE2686-21FE-49E8-A620-5412CB81989C}.Debug|Any CPU.ActiveCfg = Debug|Any CPU
		{BFAE2686-21FE-49E8-A620-5412CB81989C}.Debug|Any CPU.Build.0 = Debug|Any CPU
		{BFAE2686-21FE-49E8-A620-5412CB81989C}.Release_ApiMagento|Any CPU.ActiveCfg = Release_Banco_Pedido|Any CPU
		{BFAE2686-21FE-49E8-A620-5412CB81989C}.Release_ApiMagento|Any CPU.Build.0 = Release_Banco_Pedido|Any CPU
		{BFAE2686-21FE-49E8-A620-5412CB81989C}.Release_ApiUnis|Any CPU.ActiveCfg = Release_Banco_Prepedido|Any CPU
		{BFAE2686-21FE-49E8-A620-5412CB81989C}.Release_ApiUnis|Any CPU.Build.0 = Release_Banco_Prepedido|Any CPU
		{BFAE2686-21FE-49E8-A620-5412CB81989C}.Release_Loja|Any CPU.ActiveCfg = Release_Banco_Loja|Any CPU
		{BFAE2686-21FE-49E8-A620-5412CB81989C}.Release_Loja|Any CPU.Build.0 = Release_Banco_Loja|Any CPU
		{BFAE2686-21FE-49E8-A620-5412CB81989C}.Release_PrepedidoApi|Any CPU.ActiveCfg = Release_Banco_Prepedido|Any CPU
		{BFAE2686-21FE-49E8-A620-5412CB81989C}.Release_PrepedidoApi|Any CPU.Build.0 = Release_Banco_Prepedido|Any CPU
		{BFAE2686-21FE-49E8-A620-5412CB81989C}.Release|Any CPU.ActiveCfg = Release_Banco_Central|Any CPU
		{BFAE2686-21FE-49E8-A620-5412CB81989C}.Release|Any CPU.Build.0 = Release_Banco_Central|Any CPU
		{3C9317AA-5C83-46D6-9F5E-9C1233A190F9}.Debug|Any CPU.ActiveCfg = Debug|Any CPU
		{3C9317AA-5C83-46D6-9F5E-9C1233A190F9}.Debug|Any CPU.Build.0 = Debug|Any CPU
		{3C9317AA-5C83-46D6-9F5E-9C1233A190F9}.Release_ApiMagento|Any CPU.ActiveCfg = Release|Any CPU
		{3C9317AA-5C83-46D6-9F5E-9C1233A190F9}.Release_ApiMagento|Any CPU.Build.0 = Release|Any CPU
		{3C9317AA-5C83-46D6-9F5E-9C1233A190F9}.Release_ApiUnis|Any CPU.ActiveCfg = Release|Any CPU
		{3C9317AA-5C83-46D6-9F5E-9C1233A190F9}.Release_ApiUnis|Any CPU.Build.0 = Release|Any CPU
		{3C9317AA-5C83-46D6-9F5E-9C1233A190F9}.Release_Loja|Any CPU.ActiveCfg = Release|Any CPU
		{3C9317AA-5C83-46D6-9F5E-9C1233A190F9}.Release_Loja|Any CPU.Build.0 = Release|Any CPU
		{3C9317AA-5C83-46D6-9F5E-9C1233A190F9}.Release_PrepedidoApi|Any CPU.ActiveCfg = Release|Any CPU
		{3C9317AA-5C83-46D6-9F5E-9C1233A190F9}.Release_PrepedidoApi|Any CPU.Build.0 = Release|Any CPU
		{3C9317AA-5C83-46D6-9F5E-9C1233A190F9}.Release|Any CPU.ActiveCfg = Release|Any CPU
		{3C9317AA-5C83-46D6-9F5E-9C1233A190F9}.Release|Any CPU.Build.0 = Release|Any CPU
		{C2D0D279-4333-420C-916D-8CFFAF296422}.Debug|Any CPU.ActiveCfg = Debug|Any CPU
		{C2D0D279-4333-420C-916D-8CFFAF296422}.Debug|Any CPU.Build.0 = Debug|Any CPU
		{C2D0D279-4333-420C-916D-8CFFAF296422}.Release_ApiMagento|Any CPU.ActiveCfg = Release|Any CPU
		{C2D0D279-4333-420C-916D-8CFFAF296422}.Release_ApiMagento|Any CPU.Build.0 = Release|Any CPU
		{C2D0D279-4333-420C-916D-8CFFAF296422}.Release_ApiUnis|Any CPU.ActiveCfg = Release|Any CPU
		{C2D0D279-4333-420C-916D-8CFFAF296422}.Release_Loja|Any CPU.ActiveCfg = Release|Any CPU
		{C2D0D279-4333-420C-916D-8CFFAF296422}.Release_PrepedidoApi|Any CPU.ActiveCfg = Release|Any CPU
		{C2D0D279-4333-420C-916D-8CFFAF296422}.Release|Any CPU.ActiveCfg = Release|Any CPU
		{C2D0D279-4333-420C-916D-8CFFAF296422}.Release|Any CPU.Build.0 = Release|Any CPU
		{7CF1221F-6228-441C-9F72-622C81EC80A5}.Debug|Any CPU.ActiveCfg = Debug|Any CPU
		{7CF1221F-6228-441C-9F72-622C81EC80A5}.Debug|Any CPU.Build.0 = Debug|Any CPU
		{7CF1221F-6228-441C-9F72-622C81EC80A5}.Release_ApiMagento|Any CPU.ActiveCfg = Release|Any CPU
		{7CF1221F-6228-441C-9F72-622C81EC80A5}.Release_ApiMagento|Any CPU.Build.0 = Release|Any CPU
		{7CF1221F-6228-441C-9F72-622C81EC80A5}.Release_ApiUnis|Any CPU.ActiveCfg = Release|Any CPU
		{7CF1221F-6228-441C-9F72-622C81EC80A5}.Release_Loja|Any CPU.ActiveCfg = Release|Any CPU
		{7CF1221F-6228-441C-9F72-622C81EC80A5}.Release_PrepedidoApi|Any CPU.ActiveCfg = Release|Any CPU
		{7CF1221F-6228-441C-9F72-622C81EC80A5}.Release|Any CPU.ActiveCfg = Release|Any CPU
		{7CF1221F-6228-441C-9F72-622C81EC80A5}.Release|Any CPU.Build.0 = Release|Any CPU
		{7F731331-9F65-440E-A20B-8469A037ED24}.Debug|Any CPU.ActiveCfg = Debug|Any CPU
		{7F731331-9F65-440E-A20B-8469A037ED24}.Debug|Any CPU.Build.0 = Debug|Any CPU
		{7F731331-9F65-440E-A20B-8469A037ED24}.Release_ApiMagento|Any CPU.ActiveCfg = Release_Banco_Pedido|Any CPU
		{7F731331-9F65-440E-A20B-8469A037ED24}.Release_ApiMagento|Any CPU.Build.0 = Release_Banco_Pedido|Any CPU
		{7F731331-9F65-440E-A20B-8469A037ED24}.Release_ApiUnis|Any CPU.ActiveCfg = Release_Banco_Prepedido|Any CPU
		{7F731331-9F65-440E-A20B-8469A037ED24}.Release_ApiUnis|Any CPU.Build.0 = Release_Banco_Prepedido|Any CPU
		{7F731331-9F65-440E-A20B-8469A037ED24}.Release_Loja|Any CPU.ActiveCfg = Release_Banco_Pedido|Any CPU
		{7F731331-9F65-440E-A20B-8469A037ED24}.Release_Loja|Any CPU.Build.0 = Release_Banco_Pedido|Any CPU
		{7F731331-9F65-440E-A20B-8469A037ED24}.Release_PrepedidoApi|Any CPU.ActiveCfg = Release_Banco_Prepedido|Any CPU
		{7F731331-9F65-440E-A20B-8469A037ED24}.Release_PrepedidoApi|Any CPU.Build.0 = Release_Banco_Prepedido|Any CPU
		{7F731331-9F65-440E-A20B-8469A037ED24}.Release|Any CPU.ActiveCfg = Release_Banco_Prepedido|Any CPU
		{7F731331-9F65-440E-A20B-8469A037ED24}.Release|Any CPU.Build.0 = Release_Banco_Prepedido|Any CPU
		{D5242FC6-0C2F-4904-8F38-10D4B482FC2F}.Debug|Any CPU.ActiveCfg = Debug|Any CPU
		{D5242FC6-0C2F-4904-8F38-10D4B482FC2F}.Debug|Any CPU.Build.0 = Debug|Any CPU
		{D5242FC6-0C2F-4904-8F38-10D4B482FC2F}.Release_ApiMagento|Any CPU.ActiveCfg = Release_Banco_Pedido|Any CPU
		{D5242FC6-0C2F-4904-8F38-10D4B482FC2F}.Release_ApiMagento|Any CPU.Build.0 = Release_Banco_Pedido|Any CPU
		{D5242FC6-0C2F-4904-8F38-10D4B482FC2F}.Release_ApiUnis|Any CPU.ActiveCfg = Release_Banco_Prepedido|Any CPU
		{D5242FC6-0C2F-4904-8F38-10D4B482FC2F}.Release_ApiUnis|Any CPU.Build.0 = Release_Banco_Prepedido|Any CPU
		{D5242FC6-0C2F-4904-8F38-10D4B482FC2F}.Release_Loja|Any CPU.ActiveCfg = Release_Banco_Pedido|Any CPU
		{D5242FC6-0C2F-4904-8F38-10D4B482FC2F}.Release_Loja|Any CPU.Build.0 = Release_Banco_Pedido|Any CPU
		{D5242FC6-0C2F-4904-8F38-10D4B482FC2F}.Release_PrepedidoApi|Any CPU.ActiveCfg = Release_Banco_Prepedido|Any CPU
		{D5242FC6-0C2F-4904-8F38-10D4B482FC2F}.Release_PrepedidoApi|Any CPU.Build.0 = Release_Banco_Prepedido|Any CPU
		{D5242FC6-0C2F-4904-8F38-10D4B482FC2F}.Release|Any CPU.ActiveCfg = Release_Banco_Pedido|Any CPU
		{D5242FC6-0C2F-4904-8F38-10D4B482FC2F}.Release|Any CPU.Build.0 = Release_Banco_Pedido|Any CPU
		{56DC54B5-692A-4AD5-BDFC-3BBF08C04B24}.Debug|Any CPU.ActiveCfg = Debug|Any CPU
		{56DC54B5-692A-4AD5-BDFC-3BBF08C04B24}.Debug|Any CPU.Build.0 = Debug|Any CPU
		{56DC54B5-692A-4AD5-BDFC-3BBF08C04B24}.Release_ApiMagento|Any CPU.ActiveCfg = Release|Any CPU
		{56DC54B5-692A-4AD5-BDFC-3BBF08C04B24}.Release_ApiMagento|Any CPU.Build.0 = Release|Any CPU
		{56DC54B5-692A-4AD5-BDFC-3BBF08C04B24}.Release_ApiUnis|Any CPU.ActiveCfg = Release|Any CPU
		{56DC54B5-692A-4AD5-BDFC-3BBF08C04B24}.Release_ApiUnis|Any CPU.Build.0 = Release|Any CPU
		{56DC54B5-692A-4AD5-BDFC-3BBF08C04B24}.Release_Loja|Any CPU.ActiveCfg = Release|Any CPU
		{56DC54B5-692A-4AD5-BDFC-3BBF08C04B24}.Release_Loja|Any CPU.Build.0 = Release|Any CPU
		{56DC54B5-692A-4AD5-BDFC-3BBF08C04B24}.Release_PrepedidoApi|Any CPU.ActiveCfg = Release|Any CPU
		{56DC54B5-692A-4AD5-BDFC-3BBF08C04B24}.Release_PrepedidoApi|Any CPU.Build.0 = Release|Any CPU
		{56DC54B5-692A-4AD5-BDFC-3BBF08C04B24}.Release|Any CPU.ActiveCfg = Release|Any CPU
		{56DC54B5-692A-4AD5-BDFC-3BBF08C04B24}.Release|Any CPU.Build.0 = Release|Any CPU
		{6F5A4E2A-4856-45DC-9B43-DE9E328D2B49}.Debug|Any CPU.ActiveCfg = Debug|Any CPU
		{6F5A4E2A-4856-45DC-9B43-DE9E328D2B49}.Debug|Any CPU.Build.0 = Debug|Any CPU
		{6F5A4E2A-4856-45DC-9B43-DE9E328D2B49}.Release_ApiMagento|Any CPU.ActiveCfg = Release|Any CPU
		{6F5A4E2A-4856-45DC-9B43-DE9E328D2B49}.Release_ApiMagento|Any CPU.Build.0 = Release|Any CPU
		{6F5A4E2A-4856-45DC-9B43-DE9E328D2B49}.Release_ApiUnis|Any CPU.ActiveCfg = Release|Any CPU
		{6F5A4E2A-4856-45DC-9B43-DE9E328D2B49}.Release_ApiUnis|Any CPU.Build.0 = Release|Any CPU
		{6F5A4E2A-4856-45DC-9B43-DE9E328D2B49}.Release_Loja|Any CPU.ActiveCfg = Release|Any CPU
		{6F5A4E2A-4856-45DC-9B43-DE9E328D2B49}.Release_Loja|Any CPU.Build.0 = Release|Any CPU
		{6F5A4E2A-4856-45DC-9B43-DE9E328D2B49}.Release_PrepedidoApi|Any CPU.ActiveCfg = Release|Any CPU
		{6F5A4E2A-4856-45DC-9B43-DE9E328D2B49}.Release_PrepedidoApi|Any CPU.Build.0 = Release|Any CPU
		{6F5A4E2A-4856-45DC-9B43-DE9E328D2B49}.Release|Any CPU.ActiveCfg = Release|Any CPU
		{6F5A4E2A-4856-45DC-9B43-DE9E328D2B49}.Release|Any CPU.Build.0 = Release|Any CPU
		{5371E89C-155A-4AC3-B207-3374AF821C87}.Debug|Any CPU.ActiveCfg = Debug|Any CPU
		{5371E89C-155A-4AC3-B207-3374AF821C87}.Debug|Any CPU.Build.0 = Debug|Any CPU
		{5371E89C-155A-4AC3-B207-3374AF821C87}.Release_ApiMagento|Any CPU.ActiveCfg = Release|Any CPU
		{5371E89C-155A-4AC3-B207-3374AF821C87}.Release_ApiUnis|Any CPU.ActiveCfg = Release|Any CPU
		{5371E89C-155A-4AC3-B207-3374AF821C87}.Release_Loja|Any CPU.ActiveCfg = Release|Any CPU
		{5371E89C-155A-4AC3-B207-3374AF821C87}.Release_Loja|Any CPU.Build.0 = Release|Any CPU
		{5371E89C-155A-4AC3-B207-3374AF821C87}.Release_PrepedidoApi|Any CPU.ActiveCfg = Release|Any CPU
		{5371E89C-155A-4AC3-B207-3374AF821C87}.Release|Any CPU.ActiveCfg = Release|Any CPU
		{5371E89C-155A-4AC3-B207-3374AF821C87}.Release|Any CPU.Build.0 = Release|Any CPU
		{BB0DC84F-A04D-4FCE-B9A4-6BD6E5D5EA18}.Debug|Any CPU.ActiveCfg = Debug|Any CPU
		{BB0DC84F-A04D-4FCE-B9A4-6BD6E5D5EA18}.Debug|Any CPU.Build.0 = Debug|Any CPU
		{BB0DC84F-A04D-4FCE-B9A4-6BD6E5D5EA18}.Release_ApiMagento|Any CPU.ActiveCfg = Release|Any CPU
		{BB0DC84F-A04D-4FCE-B9A4-6BD6E5D5EA18}.Release_ApiUnis|Any CPU.ActiveCfg = Release|Any CPU
		{BB0DC84F-A04D-4FCE-B9A4-6BD6E5D5EA18}.Release_Loja|Any CPU.ActiveCfg = Release|Any CPU
		{BB0DC84F-A04D-4FCE-B9A4-6BD6E5D5EA18}.Release_PrepedidoApi|Any CPU.ActiveCfg = Release|Any CPU
		{BB0DC84F-A04D-4FCE-B9A4-6BD6E5D5EA18}.Release|Any CPU.ActiveCfg = Release|Any CPU
		{BB0DC84F-A04D-4FCE-B9A4-6BD6E5D5EA18}.Release|Any CPU.Build.0 = Release|Any CPU
		{37B3DB8C-F832-48C0-8811-5DF8C1E51FCD}.Debug|Any CPU.ActiveCfg = Debug|Any CPU
		{37B3DB8C-F832-48C0-8811-5DF8C1E51FCD}.Debug|Any CPU.Build.0 = Debug|Any CPU
		{37B3DB8C-F832-48C0-8811-5DF8C1E51FCD}.Release_ApiMagento|Any CPU.ActiveCfg = Release|Any CPU
		{37B3DB8C-F832-48C0-8811-5DF8C1E51FCD}.Release_ApiUnis|Any CPU.ActiveCfg = Release|Any CPU
		{37B3DB8C-F832-48C0-8811-5DF8C1E51FCD}.Release_Loja|Any CPU.ActiveCfg = Release|Any CPU
		{37B3DB8C-F832-48C0-8811-5DF8C1E51FCD}.Release_PrepedidoApi|Any CPU.ActiveCfg = Release|Any CPU
		{37B3DB8C-F832-48C0-8811-5DF8C1E51FCD}.Release|Any CPU.ActiveCfg = Release|Any CPU
		{37B3DB8C-F832-48C0-8811-5DF8C1E51FCD}.Release|Any CPU.Build.0 = Release|Any CPU
		{2870E605-B21D-4144-8DCE-CA5A9575AB2E}.Debug|Any CPU.ActiveCfg = Debug|Any CPU
		{2870E605-B21D-4144-8DCE-CA5A9575AB2E}.Debug|Any CPU.Build.0 = Debug|Any CPU
		{2870E605-B21D-4144-8DCE-CA5A9575AB2E}.Release_ApiMagento|Any CPU.ActiveCfg = Release|Any CPU
		{2870E605-B21D-4144-8DCE-CA5A9575AB2E}.Release_ApiMagento|Any CPU.Build.0 = Release|Any CPU
		{2870E605-B21D-4144-8DCE-CA5A9575AB2E}.Release_ApiUnis|Any CPU.ActiveCfg = Release|Any CPU
		{2870E605-B21D-4144-8DCE-CA5A9575AB2E}.Release_ApiUnis|Any CPU.Build.0 = Release|Any CPU
		{2870E605-B21D-4144-8DCE-CA5A9575AB2E}.Release_Loja|Any CPU.ActiveCfg = Release|Any CPU
		{2870E605-B21D-4144-8DCE-CA5A9575AB2E}.Release_Loja|Any CPU.Build.0 = Release|Any CPU
		{2870E605-B21D-4144-8DCE-CA5A9575AB2E}.Release_PrepedidoApi|Any CPU.ActiveCfg = Release|Any CPU
		{2870E605-B21D-4144-8DCE-CA5A9575AB2E}.Release_PrepedidoApi|Any CPU.Build.0 = Release|Any CPU
		{2870E605-B21D-4144-8DCE-CA5A9575AB2E}.Release|Any CPU.ActiveCfg = Release|Any CPU
		{2870E605-B21D-4144-8DCE-CA5A9575AB2E}.Release|Any CPU.Build.0 = Release|Any CPU
		{A0829D6D-4DBD-4751-A7AD-946D1F023180}.Debug|Any CPU.ActiveCfg = Debug|Any CPU
		{A0829D6D-4DBD-4751-A7AD-946D1F023180}.Debug|Any CPU.Build.0 = Debug|Any CPU
		{A0829D6D-4DBD-4751-A7AD-946D1F023180}.Release_ApiMagento|Any CPU.ActiveCfg = Release|Any CPU
		{A0829D6D-4DBD-4751-A7AD-946D1F023180}.Release_ApiMagento|Any CPU.Build.0 = Release|Any CPU
		{A0829D6D-4DBD-4751-A7AD-946D1F023180}.Release_ApiUnis|Any CPU.ActiveCfg = Release|Any CPU
		{A0829D6D-4DBD-4751-A7AD-946D1F023180}.Release_ApiUnis|Any CPU.Build.0 = Release|Any CPU
		{A0829D6D-4DBD-4751-A7AD-946D1F023180}.Release_Loja|Any CPU.ActiveCfg = Release|Any CPU
		{A0829D6D-4DBD-4751-A7AD-946D1F023180}.Release_Loja|Any CPU.Build.0 = Release|Any CPU
		{A0829D6D-4DBD-4751-A7AD-946D1F023180}.Release_PrepedidoApi|Any CPU.ActiveCfg = Release|Any CPU
		{A0829D6D-4DBD-4751-A7AD-946D1F023180}.Release_PrepedidoApi|Any CPU.Build.0 = Release|Any CPU
		{A0829D6D-4DBD-4751-A7AD-946D1F023180}.Release|Any CPU.ActiveCfg = Release|Any CPU
		{A0829D6D-4DBD-4751-A7AD-946D1F023180}.Release|Any CPU.Build.0 = Release|Any CPU
		{3FDBC86E-947F-4553-8D43-E05FBAEABADD}.Debug|Any CPU.ActiveCfg = Debug|Any CPU
		{3FDBC86E-947F-4553-8D43-E05FBAEABADD}.Debug|Any CPU.Build.0 = Debug|Any CPU
		{3FDBC86E-947F-4553-8D43-E05FBAEABADD}.Release_ApiMagento|Any CPU.ActiveCfg = Release|Any CPU
		{3FDBC86E-947F-4553-8D43-E05FBAEABADD}.Release_ApiMagento|Any CPU.Build.0 = Release|Any CPU
		{3FDBC86E-947F-4553-8D43-E05FBAEABADD}.Release_ApiUnis|Any CPU.ActiveCfg = Release|Any CPU
		{3FDBC86E-947F-4553-8D43-E05FBAEABADD}.Release_ApiUnis|Any CPU.Build.0 = Release|Any CPU
		{3FDBC86E-947F-4553-8D43-E05FBAEABADD}.Release_Loja|Any CPU.ActiveCfg = Release|Any CPU
		{3FDBC86E-947F-4553-8D43-E05FBAEABADD}.Release_Loja|Any CPU.Build.0 = Release|Any CPU
		{3FDBC86E-947F-4553-8D43-E05FBAEABADD}.Release_PrepedidoApi|Any CPU.ActiveCfg = Release|Any CPU
		{3FDBC86E-947F-4553-8D43-E05FBAEABADD}.Release_PrepedidoApi|Any CPU.Build.0 = Release|Any CPU
		{3FDBC86E-947F-4553-8D43-E05FBAEABADD}.Release|Any CPU.ActiveCfg = Release|Any CPU
		{3FDBC86E-947F-4553-8D43-E05FBAEABADD}.Release|Any CPU.Build.0 = Release|Any CPU
		{5A9BCFC4-AD1A-4DF0-91FB-4F860537FCA0}.Debug|Any CPU.ActiveCfg = Debug|Any CPU
		{5A9BCFC4-AD1A-4DF0-91FB-4F860537FCA0}.Debug|Any CPU.Build.0 = Debug|Any CPU
		{5A9BCFC4-AD1A-4DF0-91FB-4F860537FCA0}.Release_ApiMagento|Any CPU.ActiveCfg = Release|Any CPU
		{5A9BCFC4-AD1A-4DF0-91FB-4F860537FCA0}.Release_ApiMagento|Any CPU.Build.0 = Release|Any CPU
		{5A9BCFC4-AD1A-4DF0-91FB-4F860537FCA0}.Release_ApiUnis|Any CPU.ActiveCfg = Release|Any CPU
		{5A9BCFC4-AD1A-4DF0-91FB-4F860537FCA0}.Release_ApiUnis|Any CPU.Build.0 = Release|Any CPU
		{5A9BCFC4-AD1A-4DF0-91FB-4F860537FCA0}.Release_Loja|Any CPU.ActiveCfg = Release|Any CPU
		{5A9BCFC4-AD1A-4DF0-91FB-4F860537FCA0}.Release_Loja|Any CPU.Build.0 = Release|Any CPU
		{5A9BCFC4-AD1A-4DF0-91FB-4F860537FCA0}.Release_PrepedidoApi|Any CPU.ActiveCfg = Release|Any CPU
		{5A9BCFC4-AD1A-4DF0-91FB-4F860537FCA0}.Release_PrepedidoApi|Any CPU.Build.0 = Release|Any CPU
		{5A9BCFC4-AD1A-4DF0-91FB-4F860537FCA0}.Release|Any CPU.ActiveCfg = Release|Any CPU
		{5A9BCFC4-AD1A-4DF0-91FB-4F860537FCA0}.Release|Any CPU.Build.0 = Release|Any CPU
		{BFCD4A95-2821-40B0-A3F3-75CF00429F9F}.Debug|Any CPU.ActiveCfg = Debug|Any CPU
		{BFCD4A95-2821-40B0-A3F3-75CF00429F9F}.Debug|Any CPU.Build.0 = Debug|Any CPU
		{BFCD4A95-2821-40B0-A3F3-75CF00429F9F}.Release_ApiMagento|Any CPU.ActiveCfg = Release|Any CPU
		{BFCD4A95-2821-40B0-A3F3-75CF00429F9F}.Release_ApiMagento|Any CPU.Build.0 = Release|Any CPU
		{BFCD4A95-2821-40B0-A3F3-75CF00429F9F}.Release_ApiUnis|Any CPU.ActiveCfg = Release|Any CPU
		{BFCD4A95-2821-40B0-A3F3-75CF00429F9F}.Release_ApiUnis|Any CPU.Build.0 = Release|Any CPU
		{BFCD4A95-2821-40B0-A3F3-75CF00429F9F}.Release_Loja|Any CPU.ActiveCfg = Release|Any CPU
		{BFCD4A95-2821-40B0-A3F3-75CF00429F9F}.Release_Loja|Any CPU.Build.0 = Release|Any CPU
		{BFCD4A95-2821-40B0-A3F3-75CF00429F9F}.Release_PrepedidoApi|Any CPU.ActiveCfg = Release|Any CPU
		{BFCD4A95-2821-40B0-A3F3-75CF00429F9F}.Release_PrepedidoApi|Any CPU.Build.0 = Release|Any CPU
		{BFCD4A95-2821-40B0-A3F3-75CF00429F9F}.Release|Any CPU.ActiveCfg = Release|Any CPU
		{BFCD4A95-2821-40B0-A3F3-75CF00429F9F}.Release|Any CPU.Build.0 = Release|Any CPU
		{F9F12A08-ED23-4F39-A781-EAA7EACD1E67}.Debug|Any CPU.ActiveCfg = Debug|Any CPU
		{F9F12A08-ED23-4F39-A781-EAA7EACD1E67}.Debug|Any CPU.Build.0 = Debug|Any CPU
		{F9F12A08-ED23-4F39-A781-EAA7EACD1E67}.Release_ApiMagento|Any CPU.ActiveCfg = Release|Any CPU
		{F9F12A08-ED23-4F39-A781-EAA7EACD1E67}.Release_ApiMagento|Any CPU.Build.0 = Release|Any CPU
		{F9F12A08-ED23-4F39-A781-EAA7EACD1E67}.Release_ApiUnis|Any CPU.ActiveCfg = Release|Any CPU
		{F9F12A08-ED23-4F39-A781-EAA7EACD1E67}.Release_ApiUnis|Any CPU.Build.0 = Release|Any CPU
		{F9F12A08-ED23-4F39-A781-EAA7EACD1E67}.Release_Loja|Any CPU.ActiveCfg = Release|Any CPU
		{F9F12A08-ED23-4F39-A781-EAA7EACD1E67}.Release_Loja|Any CPU.Build.0 = Release|Any CPU
		{F9F12A08-ED23-4F39-A781-EAA7EACD1E67}.Release_PrepedidoApi|Any CPU.ActiveCfg = Release|Any CPU
		{F9F12A08-ED23-4F39-A781-EAA7EACD1E67}.Release_PrepedidoApi|Any CPU.Build.0 = Release|Any CPU
		{F9F12A08-ED23-4F39-A781-EAA7EACD1E67}.Release|Any CPU.ActiveCfg = Release|Any CPU
		{F9F12A08-ED23-4F39-A781-EAA7EACD1E67}.Release|Any CPU.Build.0 = Release|Any CPU
		{471BBB94-B319-4B32-B111-3E3E90645BDF}.Debug|Any CPU.ActiveCfg = Debug|Any CPU
		{471BBB94-B319-4B32-B111-3E3E90645BDF}.Debug|Any CPU.Build.0 = Debug|Any CPU
		{471BBB94-B319-4B32-B111-3E3E90645BDF}.Release_ApiMagento|Any CPU.ActiveCfg = Release|Any CPU
		{471BBB94-B319-4B32-B111-3E3E90645BDF}.Release_ApiMagento|Any CPU.Build.0 = Release|Any CPU
		{471BBB94-B319-4B32-B111-3E3E90645BDF}.Release_ApiUnis|Any CPU.ActiveCfg = Release|Any CPU
		{471BBB94-B319-4B32-B111-3E3E90645BDF}.Release_ApiUnis|Any CPU.Build.0 = Release|Any CPU
		{471BBB94-B319-4B32-B111-3E3E90645BDF}.Release_Loja|Any CPU.ActiveCfg = Release|Any CPU
		{471BBB94-B319-4B32-B111-3E3E90645BDF}.Release_Loja|Any CPU.Build.0 = Release|Any CPU
		{471BBB94-B319-4B32-B111-3E3E90645BDF}.Release_PrepedidoApi|Any CPU.ActiveCfg = Release|Any CPU
		{471BBB94-B319-4B32-B111-3E3E90645BDF}.Release_PrepedidoApi|Any CPU.Build.0 = Release|Any CPU
		{471BBB94-B319-4B32-B111-3E3E90645BDF}.Release|Any CPU.ActiveCfg = Release|Any CPU
		{471BBB94-B319-4B32-B111-3E3E90645BDF}.Release|Any CPU.Build.0 = Release|Any CPU
		{5B82213B-F651-461E-AC70-C569274C9F55}.Debug|Any CPU.ActiveCfg = Debug|Any CPU
		{5B82213B-F651-461E-AC70-C569274C9F55}.Debug|Any CPU.Build.0 = Debug|Any CPU
		{5B82213B-F651-461E-AC70-C569274C9F55}.Release_ApiMagento|Any CPU.ActiveCfg = Release|Any CPU
		{5B82213B-F651-461E-AC70-C569274C9F55}.Release_ApiMagento|Any CPU.Build.0 = Release|Any CPU
		{5B82213B-F651-461E-AC70-C569274C9F55}.Release_ApiUnis|Any CPU.ActiveCfg = Release|Any CPU
		{5B82213B-F651-461E-AC70-C569274C9F55}.Release_ApiUnis|Any CPU.Build.0 = Release|Any CPU
		{5B82213B-F651-461E-AC70-C569274C9F55}.Release_Loja|Any CPU.ActiveCfg = Release|Any CPU
		{5B82213B-F651-461E-AC70-C569274C9F55}.Release_Loja|Any CPU.Build.0 = Release|Any CPU
		{5B82213B-F651-461E-AC70-C569274C9F55}.Release_PrepedidoApi|Any CPU.ActiveCfg = Release|Any CPU
		{5B82213B-F651-461E-AC70-C569274C9F55}.Release_PrepedidoApi|Any CPU.Build.0 = Release|Any CPU
		{5B82213B-F651-461E-AC70-C569274C9F55}.Release|Any CPU.ActiveCfg = Release|Any CPU
		{5B82213B-F651-461E-AC70-C569274C9F55}.Release|Any CPU.Build.0 = Release|Any CPU
		{FE959713-2E98-4B79-8A76-8EF006387487}.Debug|Any CPU.ActiveCfg = Debug|Any CPU
		{FE959713-2E98-4B79-8A76-8EF006387487}.Debug|Any CPU.Build.0 = Debug|Any CPU
		{FE959713-2E98-4B79-8A76-8EF006387487}.Release_ApiMagento|Any CPU.ActiveCfg = Release|Any CPU
		{FE959713-2E98-4B79-8A76-8EF006387487}.Release_ApiMagento|Any CPU.Build.0 = Release|Any CPU
		{FE959713-2E98-4B79-8A76-8EF006387487}.Release_ApiUnis|Any CPU.ActiveCfg = Release|Any CPU
		{FE959713-2E98-4B79-8A76-8EF006387487}.Release_ApiUnis|Any CPU.Build.0 = Release|Any CPU
		{FE959713-2E98-4B79-8A76-8EF006387487}.Release_Loja|Any CPU.ActiveCfg = Release|Any CPU
		{FE959713-2E98-4B79-8A76-8EF006387487}.Release_Loja|Any CPU.Build.0 = Release|Any CPU
		{FE959713-2E98-4B79-8A76-8EF006387487}.Release_PrepedidoApi|Any CPU.ActiveCfg = Release|Any CPU
		{FE959713-2E98-4B79-8A76-8EF006387487}.Release_PrepedidoApi|Any CPU.Build.0 = Release|Any CPU
		{FE959713-2E98-4B79-8A76-8EF006387487}.Release|Any CPU.ActiveCfg = Release|Any CPU
		{FE959713-2E98-4B79-8A76-8EF006387487}.Release|Any CPU.Build.0 = Release|Any CPU
		{2418694E-65C4-4A90-B193-FE06F1E1AC61}.Debug|Any CPU.ActiveCfg = Debug|Any CPU
		{2418694E-65C4-4A90-B193-FE06F1E1AC61}.Debug|Any CPU.Build.0 = Debug|Any CPU
		{2418694E-65C4-4A90-B193-FE06F1E1AC61}.Release_ApiMagento|Any CPU.ActiveCfg = Release|Any CPU
		{2418694E-65C4-4A90-B193-FE06F1E1AC61}.Release_ApiMagento|Any CPU.Build.0 = Release|Any CPU
		{2418694E-65C4-4A90-B193-FE06F1E1AC61}.Release_ApiUnis|Any CPU.ActiveCfg = Release|Any CPU
		{2418694E-65C4-4A90-B193-FE06F1E1AC61}.Release_ApiUnis|Any CPU.Build.0 = Release|Any CPU
		{2418694E-65C4-4A90-B193-FE06F1E1AC61}.Release_Loja|Any CPU.ActiveCfg = Release|Any CPU
		{2418694E-65C4-4A90-B193-FE06F1E1AC61}.Release_Loja|Any CPU.Build.0 = Release|Any CPU
		{2418694E-65C4-4A90-B193-FE06F1E1AC61}.Release_PrepedidoApi|Any CPU.ActiveCfg = Release|Any CPU
		{2418694E-65C4-4A90-B193-FE06F1E1AC61}.Release_PrepedidoApi|Any CPU.Build.0 = Release|Any CPU
		{2418694E-65C4-4A90-B193-FE06F1E1AC61}.Release|Any CPU.ActiveCfg = Release|Any CPU
		{2418694E-65C4-4A90-B193-FE06F1E1AC61}.Release|Any CPU.Build.0 = Release|Any CPU
		{B232ED2C-75B4-4B97-9F95-333F38A7B7DA}.Debug|Any CPU.ActiveCfg = Debug|Any CPU
		{B232ED2C-75B4-4B97-9F95-333F38A7B7DA}.Debug|Any CPU.Build.0 = Debug|Any CPU
		{B232ED2C-75B4-4B97-9F95-333F38A7B7DA}.Release_ApiMagento|Any CPU.ActiveCfg = Release|Any CPU
		{B232ED2C-75B4-4B97-9F95-333F38A7B7DA}.Release_ApiMagento|Any CPU.Build.0 = Release|Any CPU
		{B232ED2C-75B4-4B97-9F95-333F38A7B7DA}.Release_ApiUnis|Any CPU.ActiveCfg = Release|Any CPU
		{B232ED2C-75B4-4B97-9F95-333F38A7B7DA}.Release_ApiUnis|Any CPU.Build.0 = Release|Any CPU
		{B232ED2C-75B4-4B97-9F95-333F38A7B7DA}.Release_Loja|Any CPU.ActiveCfg = Release|Any CPU
		{B232ED2C-75B4-4B97-9F95-333F38A7B7DA}.Release_Loja|Any CPU.Build.0 = Release|Any CPU
		{B232ED2C-75B4-4B97-9F95-333F38A7B7DA}.Release_PrepedidoApi|Any CPU.ActiveCfg = Release|Any CPU
		{B232ED2C-75B4-4B97-9F95-333F38A7B7DA}.Release_PrepedidoApi|Any CPU.Build.0 = Release|Any CPU
		{B232ED2C-75B4-4B97-9F95-333F38A7B7DA}.Release|Any CPU.ActiveCfg = Release|Any CPU
		{B232ED2C-75B4-4B97-9F95-333F38A7B7DA}.Release|Any CPU.Build.0 = Release|Any CPU
	EndGlobalSection
	GlobalSection(SolutionProperties) = preSolution
		HideSolutionNode = FALSE
	EndGlobalSection
	GlobalSection(NestedProjects) = preSolution
		{64E83931-F740-4DA5-BA7A-C7A5DBF0942C} = {44A4AF60-3B98-4ED2-BFAA-83BE6E664367}
		{E542B341-3FA9-4C9B-ABCA-AD8C41F40B4E} = {44A4AF60-3B98-4ED2-BFAA-83BE6E664367}
		{0E18B837-44FB-4144-87E0-4AB3297CD333} = {44A4AF60-3B98-4ED2-BFAA-83BE6E664367}
		{EDF5C92F-4B47-4C4F-B413-603041EC7769} = {44A4AF60-3B98-4ED2-BFAA-83BE6E664367}
		{132EB79A-CA9E-4CF9-93E5-0383012F9BE5} = {605473C6-9D39-495A-9C1F-807E15133FDE}
		{2589006C-BFB7-44BC-8664-ED0B63E2D18C} = {605473C6-9D39-495A-9C1F-807E15133FDE}
		{5DE945AF-921B-43EC-B5FF-467F72DFCD77} = {605473C6-9D39-495A-9C1F-807E15133FDE}
		{7267E515-4E22-42C8-A2F8-88A600B24F7A} = {72A8B380-D737-4BAD-AF5A-9BD4015ACE7F}
		{C9836D5D-BEB4-4B81-83CF-D5DC8FA68164} = {BD35059E-9901-40B0-9EA0-597B897B9C4E}
		{D30D71EA-5D17-4CF0-BE73-02BD1C1ACD9D} = {72A8B380-D737-4BAD-AF5A-9BD4015ACE7F}
		{77A6D933-415D-42CD-9C5D-6C5C08300491} = {72A8B380-D737-4BAD-AF5A-9BD4015ACE7F}
		{AF5FEC61-87B2-4AFA-8F37-31A76DEC9367} = {72A8B380-D737-4BAD-AF5A-9BD4015ACE7F}
		{6F56B117-FCC4-471A-83A9-906533F58B03} = {72A8B380-D737-4BAD-AF5A-9BD4015ACE7F}
		{E749CDE1-C90A-4519-9FF1-B13F4BB2E69D} = {BD35059E-9901-40B0-9EA0-597B897B9C4E}
		{F27A07A6-0DD8-4F68-AAEE-A8684E1551A1} = {BD35059E-9901-40B0-9EA0-597B897B9C4E}
		{D7F8928A-1F74-40BD-BC01-67AA3D28F95A} = {C9836D5D-BEB4-4B81-83CF-D5DC8FA68164}
		{BFAE2686-21FE-49E8-A620-5412CB81989C} = {7267E515-4E22-42C8-A2F8-88A600B24F7A}
		{3C9317AA-5C83-46D6-9F5E-9C1233A190F9} = {7267E515-4E22-42C8-A2F8-88A600B24F7A}
		{C2D0D279-4333-420C-916D-8CFFAF296422} = {3BF738D4-C951-4E7D-9690-F126D75D6AFE}
		{7CF1221F-6228-441C-9F72-622C81EC80A5} = {3BF738D4-C951-4E7D-9690-F126D75D6AFE}
		{7F731331-9F65-440E-A20B-8469A037ED24} = {72A8B380-D737-4BAD-AF5A-9BD4015ACE7F}
		{D5242FC6-0C2F-4904-8F38-10D4B482FC2F} = {72A8B380-D737-4BAD-AF5A-9BD4015ACE7F}
		{56DC54B5-692A-4AD5-BDFC-3BBF08C04B24} = {72A8B380-D737-4BAD-AF5A-9BD4015ACE7F}
		{6F5A4E2A-4856-45DC-9B43-DE9E328D2B49} = {72A8B380-D737-4BAD-AF5A-9BD4015ACE7F}
		{5371E89C-155A-4AC3-B207-3374AF821C87} = {72A8B380-D737-4BAD-AF5A-9BD4015ACE7F}
		{341C641E-CA88-4C1F-A734-191C0F96ECD2} = {72A8B380-D737-4BAD-AF5A-9BD4015ACE7F}
		{E68EEF5D-3E34-4406-A93F-08207D48543C} = {341C641E-CA88-4C1F-A734-191C0F96ECD2}
		{BB0DC84F-A04D-4FCE-B9A4-6BD6E5D5EA18} = {E68EEF5D-3E34-4406-A93F-08207D48543C}
		{901A4EE8-FC5F-4493-BB38-03CB19BA80EA} = {341C641E-CA88-4C1F-A734-191C0F96ECD2}
		{37B3DB8C-F832-48C0-8811-5DF8C1E51FCD} = {901A4EE8-FC5F-4493-BB38-03CB19BA80EA}
		{2870E605-B21D-4144-8DCE-CA5A9575AB2E} = {72256D98-BF3E-40D7-9E33-2523305D3F03}
		{A0829D6D-4DBD-4751-A7AD-946D1F023180} = {72256D98-BF3E-40D7-9E33-2523305D3F03}
		{3FDBC86E-947F-4553-8D43-E05FBAEABADD} = {72A8B380-D737-4BAD-AF5A-9BD4015ACE7F}
		{5A9BCFC4-AD1A-4DF0-91FB-4F860537FCA0} = {72A8B380-D737-4BAD-AF5A-9BD4015ACE7F}
		{BFCD4A95-2821-40B0-A3F3-75CF00429F9F} = {72A8B380-D737-4BAD-AF5A-9BD4015ACE7F}
		{F9F12A08-ED23-4F39-A781-EAA7EACD1E67} = {72A8B380-D737-4BAD-AF5A-9BD4015ACE7F}
		{471BBB94-B319-4B32-B111-3E3E90645BDF} = {72A8B380-D737-4BAD-AF5A-9BD4015ACE7F}
		{5B82213B-F651-461E-AC70-C569274C9F55} = {72A8B380-D737-4BAD-AF5A-9BD4015ACE7F}
		{FE959713-2E98-4B79-8A76-8EF006387487} = {72A8B380-D737-4BAD-AF5A-9BD4015ACE7F}
		{2418694E-65C4-4A90-B193-FE06F1E1AC61} = {72A8B380-D737-4BAD-AF5A-9BD4015ACE7F}
		{B232ED2C-75B4-4B97-9F95-333F38A7B7DA} = {72A8B380-D737-4BAD-AF5A-9BD4015ACE7F}
	EndGlobalSection
	GlobalSection(ExtensibilityGlobals) = postSolution
		SolutionGuid = {139E9C0D-48C6-4635-9645-BF9C5AA65398}
	EndGlobalSection
EndGlobal
