
Microsoft Visual Studio Solution File, Format Version 12.00
# Visual Studio Version 16
VisualStudioVersion = 16.0.29201.188
MinimumVisualStudioVersion = 10.0.40219.1
Project("{9A19103F-16F7-4668-BE54-9A1E7A4F7556}") = "PrepedidoApi", "PrepedidoApi\PrepedidoApi.csproj", "{F12D7CF6-EF7D-4963-BDC0-0632C434B467}"
EndProject
Project("{2150E333-8FDC-42A3-9474-1A3956D46DE8}") = "Infra", "Infra", "{C408137C-E3F1-4F50-BA91-8888CDB37085}"
EndProject
Project("{9A19103F-16F7-4668-BE54-9A1E7A4F7556}") = "PrepedidoBusiness", "PrepedidoBusiness\PrepedidoBusiness.csproj", "{85832938-E118-4818-A5FC-21CB139CC3B9}"
EndProject
Project("{2150E333-8FDC-42A3-9474-1A3956D46DE8}") = "Bats", "Bats", "{A0F97C04-F675-4875-85EC-9D198181884E}"
	ProjectSection(SolutionItems) = preProject
		AtualizarSonar.bat = AtualizarSonar.bat
	EndProjectSection
EndProject
Project("{2150E333-8FDC-42A3-9474-1A3956D46DE8}") = "Testes", "Testes", "{3CBAB939-3AA5-4ECA-83B4-E937DA21BF4C}"
EndProject
Project("{9A19103F-16F7-4668-BE54-9A1E7A4F7556}") = "Testes.Labs", "Testes.Labs\Testes.Labs.csproj", "{E28B0099-453E-47E5-B648-A2AF147C82E5}"
EndProject
Project("{9A19103F-16F7-4668-BE54-9A1E7A4F7556}") = "ASPs", "ASPs\ASPs.csproj", "{DCB53684-ADEC-4A89-A7DF-DC1E28E9518D}"
EndProject
Project("{9A19103F-16F7-4668-BE54-9A1E7A4F7556}") = "Testes.Automatizados", "..\ApiUnis\Testes.Automatizados\Testes.Automatizados.csproj", "{7DFFBBC0-7365-42F7-9987-BDCD1823FE02}"
EndProject
Project("{9A19103F-16F7-4668-BE54-9A1E7A4F7556}") = "PrepedidoAPIUnis", "..\ApiUnis\PrepedidoAPIUnis\PrepedidoAPIUnis.csproj", "{E6066ABE-725D-4DB3-B1EE-AC7B8B433DBD}"
EndProject
Project("{9A19103F-16F7-4668-BE54-9A1E7A4F7556}") = "PrepedidoUnisBusiness", "..\ApiUnis\PrepedidoUnisBusiness\PrepedidoUnisBusiness.csproj", "{BE6D5746-81F6-4FC5-8D5A-817B757DF797}"
EndProject
Project("{9A19103F-16F7-4668-BE54-9A1E7A4F7556}") = "InfraBanco", "..\Global\Infra\InfraBanco\InfraBanco.csproj", "{5A51D13F-502E-41BB-8A7C-ABAF00CB650E}"
EndProject
Project("{9A19103F-16F7-4668-BE54-9A1E7A4F7556}") = "InfraIdentity", "..\Global\Infra\InfraIdentity\InfraIdentity.csproj", "{C9E81845-CE5F-4EC5-8893-8ECC8A6F1399}"
EndProject
Global
	GlobalSection(SolutionConfigurationPlatforms) = preSolution
		Debug|Any CPU = Debug|Any CPU
		Release|Any CPU = Release|Any CPU
	EndGlobalSection
	GlobalSection(ProjectConfigurationPlatforms) = postSolution
		{F12D7CF6-EF7D-4963-BDC0-0632C434B467}.Debug|Any CPU.ActiveCfg = Debug|Any CPU
		{F12D7CF6-EF7D-4963-BDC0-0632C434B467}.Debug|Any CPU.Build.0 = Debug|Any CPU
		{F12D7CF6-EF7D-4963-BDC0-0632C434B467}.Release|Any CPU.ActiveCfg = Release|Any CPU
		{F12D7CF6-EF7D-4963-BDC0-0632C434B467}.Release|Any CPU.Build.0 = Release|Any CPU
		{85832938-E118-4818-A5FC-21CB139CC3B9}.Debug|Any CPU.ActiveCfg = Debug|Any CPU
		{85832938-E118-4818-A5FC-21CB139CC3B9}.Debug|Any CPU.Build.0 = Debug|Any CPU
		{85832938-E118-4818-A5FC-21CB139CC3B9}.Release|Any CPU.ActiveCfg = Release|Any CPU
		{85832938-E118-4818-A5FC-21CB139CC3B9}.Release|Any CPU.Build.0 = Release|Any CPU
		{E28B0099-453E-47E5-B648-A2AF147C82E5}.Debug|Any CPU.ActiveCfg = Debug|Any CPU
		{E28B0099-453E-47E5-B648-A2AF147C82E5}.Debug|Any CPU.Build.0 = Debug|Any CPU
		{E28B0099-453E-47E5-B648-A2AF147C82E5}.Release|Any CPU.ActiveCfg = Release|Any CPU
		{E28B0099-453E-47E5-B648-A2AF147C82E5}.Release|Any CPU.Build.0 = Release|Any CPU
		{DCB53684-ADEC-4A89-A7DF-DC1E28E9518D}.Debug|Any CPU.ActiveCfg = Debug|Any CPU
		{DCB53684-ADEC-4A89-A7DF-DC1E28E9518D}.Release|Any CPU.ActiveCfg = Release|Any CPU
		{7DFFBBC0-7365-42F7-9987-BDCD1823FE02}.Debug|Any CPU.ActiveCfg = Debug|Any CPU
		{7DFFBBC0-7365-42F7-9987-BDCD1823FE02}.Debug|Any CPU.Build.0 = Debug|Any CPU
		{7DFFBBC0-7365-42F7-9987-BDCD1823FE02}.Release|Any CPU.ActiveCfg = Release|Any CPU
		{7DFFBBC0-7365-42F7-9987-BDCD1823FE02}.Release|Any CPU.Build.0 = Release|Any CPU
		{E6066ABE-725D-4DB3-B1EE-AC7B8B433DBD}.Debug|Any CPU.ActiveCfg = Debug|Any CPU
		{E6066ABE-725D-4DB3-B1EE-AC7B8B433DBD}.Debug|Any CPU.Build.0 = Debug|Any CPU
		{E6066ABE-725D-4DB3-B1EE-AC7B8B433DBD}.Release|Any CPU.ActiveCfg = Release|Any CPU
		{E6066ABE-725D-4DB3-B1EE-AC7B8B433DBD}.Release|Any CPU.Build.0 = Release|Any CPU
		{BE6D5746-81F6-4FC5-8D5A-817B757DF797}.Debug|Any CPU.ActiveCfg = Debug|Any CPU
		{BE6D5746-81F6-4FC5-8D5A-817B757DF797}.Debug|Any CPU.Build.0 = Debug|Any CPU
		{BE6D5746-81F6-4FC5-8D5A-817B757DF797}.Release|Any CPU.ActiveCfg = Release|Any CPU
		{BE6D5746-81F6-4FC5-8D5A-817B757DF797}.Release|Any CPU.Build.0 = Release|Any CPU
		{5A51D13F-502E-41BB-8A7C-ABAF00CB650E}.Debug|Any CPU.ActiveCfg = Debug|Any CPU
		{5A51D13F-502E-41BB-8A7C-ABAF00CB650E}.Debug|Any CPU.Build.0 = Debug|Any CPU
		{5A51D13F-502E-41BB-8A7C-ABAF00CB650E}.Release|Any CPU.ActiveCfg = Release|Any CPU
		{5A51D13F-502E-41BB-8A7C-ABAF00CB650E}.Release|Any CPU.Build.0 = Release|Any CPU
		{C9E81845-CE5F-4EC5-8893-8ECC8A6F1399}.Debug|Any CPU.ActiveCfg = Debug|Any CPU
		{C9E81845-CE5F-4EC5-8893-8ECC8A6F1399}.Debug|Any CPU.Build.0 = Debug|Any CPU
		{C9E81845-CE5F-4EC5-8893-8ECC8A6F1399}.Release|Any CPU.ActiveCfg = Release|Any CPU
		{C9E81845-CE5F-4EC5-8893-8ECC8A6F1399}.Release|Any CPU.Build.0 = Release|Any CPU
	EndGlobalSection
	GlobalSection(SolutionProperties) = preSolution
		HideSolutionNode = FALSE
	EndGlobalSection
	GlobalSection(NestedProjects) = preSolution
		{E28B0099-453E-47E5-B648-A2AF147C82E5} = {3CBAB939-3AA5-4ECA-83B4-E937DA21BF4C}
		{7DFFBBC0-7365-42F7-9987-BDCD1823FE02} = {3CBAB939-3AA5-4ECA-83B4-E937DA21BF4C}
		{5A51D13F-502E-41BB-8A7C-ABAF00CB650E} = {C408137C-E3F1-4F50-BA91-8888CDB37085}
		{C9E81845-CE5F-4EC5-8893-8ECC8A6F1399} = {C408137C-E3F1-4F50-BA91-8888CDB37085}
	EndGlobalSection
	GlobalSection(ExtensibilityGlobals) = postSolution
		SolutionGuid = {B4EC783D-085D-41FB-9D4F-763DD18422BC}
	EndGlobalSection
EndGlobal
